
Microsoft Visual Studio Solution File, Format Version 12.00
# Visual Studio 15
Project("{FAE04EC0-301F-11D3-BF4B-00C04F79EFBC}") = "Unity.Timeline", "Unity.Timeline.csproj", "{43A851ED-5163-0C2B-7D99-E06599C00DDD}"
EndProject
Project("{FAE04EC0-301F-11D3-BF4B-00C04F79EFBC}") = "Unity.RenderPipelines.GPUDriven.Runtime", "Unity.RenderPipelines.GPUDriven.Runtime.csproj", "{EA90ECD6-FD0E-6EB6-8160-ACEA6106F298}"
EndProject
Project("{FAE04EC0-301F-11D3-BF4B-00C04F79EFBC}") = "Unity.2D.Aseprite.Editor", "Unity.2D.Aseprite.Editor.csproj", "{6F811038-8A7C-5772-AEB4-8140913EFAEE}"
EndProject
Project("{FAE04EC0-301F-11D3-BF4B-00C04F79EFBC}") = "Unity.ShaderGraph.Editor", "Unity.ShaderGraph.Editor.csproj", "{6FF027EF-AA4A-9687-FF17-2425A927599E}"
EndProject
Project("{FAE04EC0-301F-11D3-BF4B-00C04F79EFBC}") = "Unity.PlasticSCM.Editor", "Unity.PlasticSCM.Editor.csproj", "{BCA52175-0E81-35CE-4E78-D2BCF4A7BEAB}"
EndProject
Project("{FAE04EC0-301F-11D3-BF4B-00C04F79EFBC}") = "Unity.RenderPipelines.Core.Runtime", "Unity.RenderPipelines.Core.Runtime.csproj", "{4DD786C7-69A2-77EF-7BF7-E91F220AE718}"
EndProject
Project("{FAE04EC0-301F-11D3-BF4B-00C04F79EFBC}") = "Unity.Mathematics", "Unity.Mathematics.csproj", "{1E645BED-24D6-76D6-4A86-B7F03FB4C8BB}"
EndProject
Project("{FAE04EC0-301F-11D3-BF4B-00C04F79EFBC}") = "Unity.Timeline.Editor", "Unity.Timeline.Editor.csproj", "{7E59FAE4-6F38-9C97-CEAD-9ABBEB96FB80}"
EndProject
Project("{FAE04EC0-301F-11D3-BF4B-00C04F79EFBC}") = "Unity.Multiplayer.Center.Editor", "Unity.Multiplayer.Center.Editor.csproj", "{160633BB-F98D-7ABB-385D-424501B0A4E2}"
EndProject
Project("{FAE04EC0-301F-11D3-BF4B-00C04F79EFBC}") = "Unity.RenderPipelines.Core.Editor", "Unity.RenderPipelines.Core.Editor.csproj", "{F3057263-9245-E031-4246-14A76804A51A}"
EndProject
Project("{FAE04EC0-301F-11D3-BF4B-00C04F79EFBC}") = "Unity.Collections", "Unity.Collections.csproj", "{1A6A24FB-C94E-C890-110B-EFF5B56D3203}"
EndProject
Project("{FAE04EC0-301F-11D3-BF4B-00C04F79EFBC}") = "UnityEngine.UI", "UnityEngine.UI.csproj", "{74887592-DF5F-223E-8F5F-C630E4BE978C}"
EndProject
Project("{FAE04EC0-301F-11D3-BF4B-00C04F79EFBC}") = "Unity.2D.IK.Runtime", "Unity.2D.IK.Runtime.csproj", "{8605AA59-60E9-2394-9882-8749D6D817BF}"
EndProject
Project("{FAE04EC0-301F-11D3-BF4B-00C04F79EFBC}") = "Unity.RenderPipelines.Universal.2D.Runtime", "Unity.RenderPipelines.Universal.2D.Runtime.csproj", "{FFCA7782-117F-ED7D-6241-BFB9AC255392}"
EndProject
Project("{FAE04EC0-301F-11D3-BF4B-00C04F79EFBC}") = "Unity.2D.Psdimporter.Editor", "Unity.2D.Psdimporter.Editor.csproj", "{0AD4A597-9302-6EA0-F9C6-A204056065C0}"
EndProject
Project("{FAE04EC0-301F-11D3-BF4B-00C04F79EFBC}") = "Unity.VisualScripting.Core.Editor", "Unity.VisualScripting.Core.Editor.csproj", "{AA49C983-AFCF-DD7B-AA19-12CD8B784E60}"
EndProject
Project("{FAE04EC0-301F-11D3-BF4B-00C04F79EFBC}") = "Unity.RenderPipelines.Universal.Editor", "Unity.RenderPipelines.Universal.Editor.csproj", "{600D20C1-A65F-ACB2-8DF3-0E62EE290EDF}"
EndProject
Project("{FAE04EC0-301F-11D3-BF4B-00C04F79EFBC}") = "Unity.PerformanceTesting.Editor", "Unity.PerformanceTesting.Editor.csproj", "{85C94F27-FC4A-DE00-06EA-89150B95FFB8}"
EndProject
Project("{FAE04EC0-301F-11D3-BF4B-00C04F79EFBC}") = "UnityEngine.TestRunner", "UnityEngine.TestRunner.csproj", "{7127ABBA-4BCF-5635-B390-6F3EACD5AFE9}"
EndProject
Project("{FAE04EC0-301F-11D3-BF4B-00C04F79EFBC}") = "Unity.2D.Tilemap.Editor", "Unity.2D.Tilemap.Editor.csproj", "{7414CE30-A7F4-09F8-8DEE-EBCA57E295D3}"
EndProject
Project("{FAE04EC0-301F-11D3-BF4B-00C04F79EFBC}") = "Unity.Burst", "Unity.Burst.csproj", "{592F21B5-B26C-09B3-8B46-A0E44DB993E2}"
EndProject
Project("{FAE04EC0-301F-11D3-BF4B-00C04F79EFBC}") = "Unity.VisualScripting.Flow.Editor", "Unity.VisualScripting.Flow.Editor.csproj", "{36142DC8-7ED0-34A6-95CF-520473C73680}"
EndProject
Project("{FAE04EC0-301F-11D3-BF4B-00C04F79EFBC}") = "Unity.2D.SpriteShape.Editor", "Unity.2D.SpriteShape.Editor.csproj", "{C4FF9CD1-DD7C-8BBB-28E7-21B3DC136DE9}"
EndProject
Project("{FAE04EC0-301F-11D3-BF4B-00C04F79EFBC}") = "Unity.VisualStudio.Editor", "Unity.VisualStudio.Editor.csproj", "{7B2BE319-26C9-D5EE-926F-08FF698A7744}"
EndProject
Project("{FAE04EC0-301F-11D3-BF4B-00C04F79EFBC}") = "Unity.InputSystem", "Unity.InputSystem.csproj", "{28AFB73C-8F83-F135-389D-8D7C66F16558}"
EndProject
Project("{FAE04EC0-301F-11D3-BF4B-00C04F79EFBC}") = "PPv2URPConverters", "PPv2URPConverters.csproj", "{741C07FA-A520-8050-DAF9-0A56051EA59A}"
EndProject
Project("{FAE04EC0-301F-11D3-BF4B-00C04F79EFBC}") = "Unity.2D.Animation.Editor", "Unity.2D.Animation.Editor.csproj", "{2D07A4BB-3919-15C0-DC0D-40B6024435ED}"
EndProject
Project("{FAE04EC0-301F-11D3-BF4B-00C04F79EFBC}") = "Unity.Searcher.Editor", "Unity.Searcher.Editor.csproj", "{B60BF2AE-D75D-241D-638A-29539AC31168}"
EndProject
Project("{FAE04EC0-301F-11D3-BF4B-00C04F79EFBC}") = "Unity.2D.SpriteShape.Runtime", "Unity.2D.SpriteShape.Runtime.csproj", "{4C4D6DC5-E4D4-B496-0E82-DD317A610B7D}"
EndProject
Project("{FAE04EC0-301F-11D3-BF4B-00C04F79EFBC}") = "UnityEditor.TestRunner", "UnityEditor.TestRunner.csproj", "{C88C9213-E0C3-D21D-53BD-A08152328AD8}"
EndProject
Project("{FAE04EC0-301F-11D3-BF4B-00C04F79EFBC}") = "Unity.VisualScripting.Core", "Unity.VisualScripting.Core.csproj", "{1A59DE85-8BCC-909F-481A-9BE2A2CD2E7C}"
EndProject
Project("{FAE04EC0-301F-11D3-BF4B-00C04F79EFBC}") = "Unity.RenderPipelines.Universal.Runtime", "Unity.RenderPipelines.Universal.Runtime.csproj", "{7C583FB6-728A-238C-9BE7-91A3981ABDE5}"
EndProject
Project("{FAE04EC0-301F-11D3-BF4B-00C04F79EFBC}") = "Unity.VisualScripting.State.Editor", "Unity.VisualScripting.State.Editor.csproj", "{E4E88E78-8B32-3C23-0994-FB7734A873E7}"
EndProject
Project("{FAE04EC0-301F-11D3-BF4B-00C04F79EFBC}") = "Unity.Burst.CodeGen", "Unity.Burst.CodeGen.csproj", "{E387E43A-30A3-F0B2-8CBA-ED4ECA75801E}"
EndProject
Project("{FAE04EC0-301F-11D3-BF4B-00C04F79EFBC}") = "Unity.VisualScripting.Flow", "Unity.VisualScripting.Flow.csproj", "{ACBB68BB-2474-EBAB-FAB4-16037562A5B8}"
EndProject
Project("{FAE04EC0-301F-11D3-BF4B-00C04F79EFBC}") = "Unity.PerformanceTesting", "Unity.PerformanceTesting.csproj", "{BE428FC8-A1E3-8E6D-DD80-77109380C4CC}"
EndProject
Project("{FAE04EC0-301F-11D3-BF4B-00C04F79EFBC}") = "Unity.2D.Tilemap.Extras.Editor", "Unity.2D.Tilemap.Extras.Editor.csproj", "{9302EA2D-4D4D-03FA-C71A-AA15660C9921}"
EndProject
Project("{FAE04EC0-301F-11D3-BF4B-00C04F79EFBC}") = "Unity.TextMeshPro", "Unity.TextMeshPro.csproj", "{9484CD3A-49A2-7334-4519-BE7FD3F2EDEB}"
EndProject
Project("{FAE04EC0-301F-11D3-BF4B-00C04F79EFBC}") = "Unity.TextMeshPro.Editor", "Unity.TextMeshPro.Editor.csproj", "{D9324241-8BF7-C418-B4F2-FC21F71591A9}"
EndProject
Project("{FAE04EC0-301F-11D3-BF4B-00C04F79EFBC}") = "Unity.Rendering.LightTransport.Runtime", "Unity.Rendering.LightTransport.Runtime.csproj", "{BEDE8598-1CA7-AA87-1940-38CEAA855819}"
EndProject
Project("{FAE04EC0-301F-11D3-BF4B-00C04F79EFBC}") = "PsdPlugin", "PsdPlugin.csproj", "{E5284452-909F-EF06-C04F-150F3E9B3A39}"
EndProject
Project("{FAE04EC0-301F-11D3-BF4B-00C04F79EFBC}") = "Unity.2D.IK.Editor", "Unity.2D.IK.Editor.csproj", "{1F00B6E9-B1AE-91D3-0D94-282277A332A0}"
EndProject
Project("{FAE04EC0-301F-11D3-BF4B-00C04F79EFBC}") = "Unity.InternalAPIEngineBridge.001", "Unity.InternalAPIEngineBridge.001.csproj", "{565A3BF5-4933-8E22-54E4-D2BEB5E30DAB}"
EndProject
Project("{FAE04EC0-301F-11D3-BF4B-00C04F79EFBC}") = "Unity.2D.Aseprite.Common", "Unity.2D.Aseprite.Common.csproj", "{39277182-BBEB-A646-A0F0-F0EF1147AA6D}"
EndProject
Project("{FAE04EC0-301F-11D3-BF4B-00C04F79EFBC}") = "Unity.Burst.Editor", "Unity.Burst.Editor.csproj", "{8B4F2CC4-DBB3-9569-4B14-3761DDAE638C}"
EndProject
Project("{FAE04EC0-301F-11D3-BF4B-00C04F79EFBC}") = "Unity.2D.Common.Path.Editor", "Unity.2D.Common.Path.Editor.csproj", "{BC417439-D06D-BF87-0D4A-7FDF21096D74}"
EndProject
Project("{FAE04EC0-301F-11D3-BF4B-00C04F79EFBC}") = "Unity.2D.Common.Editor", "Unity.2D.Common.Editor.csproj", "{6548A856-FA16-EFA6-2815-8CFE84367537}"
EndProject
Project("{FAE04EC0-301F-11D3-BF4B-00C04F79EFBC}") = "Unity.Rider.Editor", "Unity.Rider.Editor.csproj", "{F5E44A80-4462-FFAD-7138-F0D5BAC893C9}"
EndProject
Project("{FAE04EC0-301F-11D3-BF4B-00C04F79EFBC}") = "Unity.VisualScripting.State", "Unity.VisualScripting.State.csproj", "{B14B5EDB-E61D-EFE7-247F-0543B88F6554}"
EndProject
Project("{FAE04EC0-301F-11D3-BF4B-00C04F79EFBC}") = "Unity.InternalAPIEditorBridge.001", "Unity.InternalAPIEditorBridge.001.csproj", "{72B9C842-F1BD-7D95-B64B-2F49CCD20B50}"
EndProject
Project("{FAE04EC0-301F-11D3-BF4B-00C04F79EFBC}") = "UnityEditor.UI", "UnityEditor.UI.csproj", "{8C90BB81-AB8D-088F-AF37-3E3140CA7585}"
EndProject
Project("{FAE04EC0-301F-11D3-BF4B-00C04F79EFBC}") = "Unity.2D.PixelPerfect.Editor", "Unity.2D.PixelPerfect.Editor.csproj", "{AD364F08-D998-C552-4677-A20CF7AB8021}"
EndProject
Project("{FAE04EC0-301F-11D3-BF4B-00C04F79EFBC}") = "Assembly-CSharp", "Assembly-CSharp.csproj", "{7FC14DFB-D919-BC33-818F-D03FAF90A776}"
EndProject
Project("{FAE04EC0-301F-11D3-BF4B-00C04F79EFBC}") = "Unity.2D.Sprite.Editor", "Unity.2D.Sprite.Editor.csproj", "{D9E5FCFB-BEC3-8E57-AFA9-8D9861A9DC49}"
EndProject
Project("{FAE04EC0-301F-11D3-BF4B-00C04F79EFBC}") = "Unity.Multiplayer.Center.Common", "Unity.Multiplayer.Center.Common.csproj", "{777D58FB-36BF-1860-B4A0-750AFA7BDA58}"
EndProject
Project("{FAE04EC0-301F-11D3-BF4B-00C04F79EFBC}") = "Assembly-CSharp-firstpass", "Assembly-CSharp-firstpass.csproj", "{C8535352-3EE1-C604-D19D-DDB9339F5EC8}"
EndProject
Project("{FAE04EC0-301F-11D3-BF4B-00C04F79EFBC}") = "Unity.InputSystem.ForUI", "Unity.InputSystem.ForUI.csproj", "{4DA77598-49A2-BFAC-BFEA-F22235EB1613}"
EndProject
Project("{FAE04EC0-301F-11D3-BF4B-00C04F79EFBC}") = "Unity.Collections.CodeGen", "Unity.Collections.CodeGen.csproj", "{8BBDE9C3-845A-7F40-8498-13DC96F76EAB}"
EndProject
Project("{FAE04EC0-301F-11D3-BF4B-00C04F79EFBC}") = "Unity.2D.Tilemap.Extras", "Unity.2D.Tilemap.Extras.csproj", "{FBD12C1A-5C1A-9373-02AD-FB41EB3812A4}"
EndProject
Project("{FAE04EC0-301F-11D3-BF4B-00C04F79EFBC}") = "Unity.2D.Animation.Runtime", "Unity.2D.Animation.Runtime.csproj", "{405A84ED-5478-49F6-E4AD-EF76A785079F}"
EndProject
Project("{FAE04EC0-301F-11D3-BF4B-00C04F79EFBC}") = "Unity.Mathematics.Editor", "Unity.Mathematics.Editor.csproj", "{A883D4C0-8212-856C-0E07-1F42ECB7C134}"
EndProject
Project("{FAE04EC0-301F-11D3-BF4B-00C04F79EFBC}") = "Unity.VisualScripting.SettingsProvider.Editor", "Unity.VisualScripting.SettingsProvider.Editor.csproj", "{05E6B33E-3850-32BD-2B73-191B4D182BBC}"
EndProject
Project("{FAE04EC0-301F-11D3-BF4B-00C04F79EFBC}") = "Unity.InputSystem.TestFramework", "Unity.InputSystem.TestFramework.csproj", "{B81E7F20-70D8-18A7-BD65-58BC962F2415}"
EndProject
Project("{FAE04EC0-301F-11D3-BF4B-00C04F79EFBC}") = "Unity.ShaderGraph.Utilities", "Unity.ShaderGraph.Utilities.csproj", "{D1CA3B80-18BA-F833-570B-32A3F0E75831}"
EndProject
Project("{FAE04EC0-301F-11D3-BF4B-00C04F79EFBC}") = "Unity.VisualScripting.Shared.Editor", "Unity.VisualScripting.Shared.Editor.csproj", "{F103E98C-B422-F290-8421-980C74F4058C}"
EndProject
Project("{FAE04EC0-301F-11D3-BF4B-00C04F79EFBC}") = "Unity.RenderPipeline.Universal.ShaderLibrary", "Unity.RenderPipeline.Universal.ShaderLibrary.csproj", "{FF0F24BE-39E6-8FA3-8EFE-B2353AD808BA}"
EndProject
Project("{FAE04EC0-301F-11D3-BF4B-00C04F79EFBC}") = "Unity.2D.Common.Runtime", "Unity.2D.Common.Runtime.csproj", "{46C01179-751A-050C-196B-237569E6BAF4}"
EndProject
Project("{FAE04EC0-301F-11D3-BF4B-00C04F79EFBC}") = "Unity.2D.PixelPerfect", "Unity.2D.PixelPerfect.csproj", "{928713D1-683B-CEE5-2656-5A6A18A61D0A}"
EndProject
Project("{FAE04EC0-301F-11D3-BF4B-00C04F79EFBC}") = "Unity.CollabProxy.Editor", "Unity.CollabProxy.Editor.csproj", "{548D8C57-BED4-75D3-63F1-F4A4E91C9BC8}"
EndProject
Project("{FAE04EC0-301F-11D3-BF4B-00C04F79EFBC}") = "Unity.Rendering.LightTransport.Editor", "Unity.Rendering.LightTransport.Editor.csproj", "{57B14AE5-E264-4F3E-D4FE-8FA0AE4008B3}"
EndProject
Project("{FAE04EC0-301F-11D3-BF4B-00C04F79EFBC}") = "Unity.RenderPipelines.Universal.Shaders", "Unity.RenderPipelines.Universal.Shaders.csproj", "{BDDE31BD-9874-D3DB-EC83-B943128AB4AA}"
EndProject
Project("{FAE04EC0-301F-11D3-BF4B-00C04F79EFBC}") = "Unity.RenderPipelines.Core.Runtime.Shared", "Unity.RenderPipelines.Core.Runtime.Shared.csproj", "{92204D7E-CCB5-3735-9246-320E7DED995A}"
EndProject
Project("{FAE04EC0-301F-11D3-BF4B-00C04F79EFBC}") = "ScriptablePacker", "ScriptablePacker.csproj", "{4FD6DB92-D4D0-1071-E5BD-32376E879A50}"
EndProject
Project("{FAE04EC0-301F-11D3-BF4B-00C04F79EFBC}") = "Unity.Collections.Editor", "Unity.Collections.Editor.csproj", "{4CDF0AF9-BABF-480C-D021-8A0CBBA06A36}"
EndProject
Project("{FAE04EC0-301F-11D3-BF4B-00C04F79EFBC}") = "Unity.RenderPipelines.Universal.Config.Runtime", "Unity.RenderPipelines.Universal.Config.Runtime.csproj", "{6ADA1060-C764-1F75-9D03-B9FEE14A238A}"
EndProject
Project("{FAE04EC0-301F-11D3-BF4B-00C04F79EFBC}") = "Unity.RenderPipelines.ShaderGraph.ShaderGraphLibrary", "Unity.RenderPipelines.ShaderGraph.ShaderGraphLibrary.csproj", "{60FBA317-1927-B0C2-AC5B-3B2CB7EDFE4C}"
EndProject
Project("{FAE04EC0-301F-11D3-BF4B-00C04F79EFBC}") = "Unity.RenderPipelines.Core.ShaderLibrary", "Unity.RenderPipelines.Core.ShaderLibrary.csproj", "{52FBAEC4-BA92-D6C3-C8BE-018BEBAFB8BD}"
EndProject
Project("{FAE04EC0-301F-11D3-BF4B-00C04F79EFBC}") = "Unity.RenderPipelines.Core.Editor.Shared", "Unity.RenderPipelines.Core.Editor.Shared.csproj", "{AF52A744-3380-5CE2-CD48-2616E7DE459C}"
EndProject
Project("{FAE04EC0-301F-11D3-BF4B-00C04F79EFBC}") = "Unity.Timeline", "Unity.Timeline.Player.csproj", "{FF07D458-2AEB-27EE-F100-6C8399C86482}"
EndProject
Project("{FAE04EC0-301F-11D3-BF4B-00C04F79EFBC}") = "Unity.RenderPipelines.GPUDriven.Runtime", "Unity.RenderPipelines.GPUDriven.Runtime.Player.csproj", "{195A1218-8AB9-2B14-4DC9-DBA35997B1D9}"
EndProject
Project("{FAE04EC0-301F-11D3-BF4B-00C04F79EFBC}") = "Unity.RenderPipelines.Core.Runtime", "Unity.RenderPipelines.Core.Runtime.Player.csproj", "{05C09C29-A3AC-4456-599C-8540155FEE8D}"
EndProject
Project("{FAE04EC0-301F-11D3-BF4B-00C04F79EFBC}") = "Unity.Mathematics", "Unity.Mathematics.Player.csproj", "{FD62B94F-8473-788C-14F9-8FD8A0C55F4F}"
EndProject
Project("{FAE04EC0-301F-11D3-BF4B-00C04F79EFBC}") = "Unity.Collections", "Unity.Collections.Player.csproj", "{42C825E2-5539-3D4D-89C2-56EED4C981DD}"
EndProject
Project("{FAE04EC0-301F-11D3-BF4B-00C04F79EFBC}") = "UnityEngine.UI", "UnityEngine.UI.Player.csproj", "{A170A94D-1BD4-75A8-7746-BEC64A2B3DAE}"
EndProject
Project("{FAE04EC0-301F-11D3-BF4B-00C04F79EFBC}") = "Unity.2D.IK.Runtime", "Unity.2D.IK.Runtime.Player.csproj", "{101EBCC1-2886-853C-1B88-0E3EB7D6DA10}"
EndProject
Project("{FAE04EC0-301F-11D3-BF4B-00C04F79EFBC}") = "Unity.RenderPipelines.Universal.2D.Runtime", "Unity.RenderPipelines.Universal.2D.Runtime.Player.csproj", "{B4566084-BB5B-763C-C9CE-5A6C741E69E8}"
EndProject
Project("{FAE04EC0-301F-11D3-BF4B-00C04F79EFBC}") = "UnityEngine.TestRunner", "UnityEngine.TestRunner.Player.csproj", "{EFE404AB-E05B-1554-F3E0-297711A06DCE}"
EndProject
Project("{FAE04EC0-301F-11D3-BF4B-00C04F79EFBC}") = "Unity.Burst", "Unity.Burst.Player.csproj", "{F96A4363-2B88-E9CF-EE7B-AD40A3ED63FA}"
EndProject
Project("{FAE04EC0-301F-11D3-BF4B-00C04F79EFBC}") = "Unity.InputSystem", "Unity.InputSystem.Player.csproj", "{DBBED059-C46B-F922-753C-E6F9210737BB}"
EndProject
Project("{FAE04EC0-301F-11D3-BF4B-00C04F79EFBC}") = "Unity.2D.SpriteShape.Runtime", "Unity.2D.SpriteShape.Runtime.Player.csproj", "{51040925-20CB-3303-0BE3-C7786659A5D1}"
EndProject
Project("{FAE04EC0-301F-11D3-BF4B-00C04F79EFBC}") = "Unity.VisualScripting.Core", "Unity.VisualScripting.Core.Player.csproj", "{E4121CF7-E7B1-71A1-DA03-AE147796FD86}"
EndProject
Project("{FAE04EC0-301F-11D3-BF4B-00C04F79EFBC}") = "Unity.RenderPipelines.Universal.Runtime", "Unity.RenderPipelines.Universal.Runtime.Player.csproj", "{1FBA3C6E-CC90-5810-A769-4EE1DF8E2430}"
EndProject
Project("{FAE04EC0-301F-11D3-BF4B-00C04F79EFBC}") = "Unity.VisualScripting.Flow", "Unity.VisualScripting.Flow.Player.csproj", "{7746B0E1-4C71-BCD7-4AD0-2C18D0C896D2}"
EndProject
Project("{FAE04EC0-301F-11D3-BF4B-00C04F79EFBC}") = "Unity.PerformanceTesting", "Unity.PerformanceTesting.Player.csproj", "{10B648E2-31A0-2891-4B9B-0387B378D2C3}"
EndProject
Project("{FAE04EC0-301F-11D3-BF4B-00C04F79EFBC}") = "Unity.TextMeshPro", "Unity.TextMeshPro.Player.csproj", "{F30FEF0C-B9C6-FF7F-10D2-0215F02BB333}"
EndProject
Project("{FAE04EC0-301F-11D3-BF4B-00C04F79EFBC}") = "Unity.Rendering.LightTransport.Runtime", "Unity.Rendering.LightTransport.Runtime.Player.csproj", "{B634EDB0-3244-7D69-29C1-4883A1D0EB7C}"
EndProject
Project("{FAE04EC0-301F-11D3-BF4B-00C04F79EFBC}") = "Unity.InternalAPIEngineBridge.001", "Unity.InternalAPIEngineBridge.001.Player.csproj", "{8DE5236D-6FE6-F49E-D1DF-139603B63FCC}"
EndProject
Project("{FAE04EC0-301F-11D3-BF4B-00C04F79EFBC}") = "Unity.VisualScripting.State", "Unity.VisualScripting.State.Player.csproj", "{E7F92240-16FC-02F6-F9E7-9D3256D4B4E8}"
EndProject
Project("{FAE04EC0-301F-11D3-BF4B-00C04F79EFBC}") = "Assembly-CSharp", "Assembly-CSharp.Player.csproj", "{BC539C2B-CFD2-8CB1-9A92-06AB1F23A3AE}"
EndProject
Project("{FAE04EC0-301F-11D3-BF4B-00C04F79EFBC}") = "Unity.Multiplayer.Center.Common", "Unity.Multiplayer.Center.Common.Player.csproj", "{2D98FE70-2B3A-6124-8F93-02B9CA6529C6}"
EndProject
Project("{FAE04EC0-301F-11D3-BF4B-00C04F79EFBC}") = "Assembly-CSharp-firstpass", "Assembly-CSharp-firstpass.Player.csproj", "{4FBF7B85-BDCA-1999-2C6B-0226B6AE69CF}"
EndProject
Project("{FAE04EC0-301F-11D3-BF4B-00C04F79EFBC}") = "Unity.InputSystem.ForUI", "Unity.InputSystem.ForUI.Player.csproj", "{1CE8DFD2-6E29-635B-BD89-B56E5748C616}"
EndProject
Project("{FAE04EC0-301F-11D3-BF4B-00C04F79EFBC}") = "Unity.2D.Tilemap.Extras", "Unity.2D.Tilemap.Extras.Player.csproj", "{C125D3B2-AE5D-C762-DE4D-3E7175D4F196}"
EndProject
Project("{FAE04EC0-301F-11D3-BF4B-00C04F79EFBC}") = "Unity.2D.Animation.Runtime", "Unity.2D.Animation.Runtime.Player.csproj", "{6DAB0C45-2A1E-A236-8DAC-CF55BEA7DBC0}"
EndProject
Project("{FAE04EC0-301F-11D3-BF4B-00C04F79EFBC}") = "Unity.InputSystem.TestFramework", "Unity.InputSystem.TestFramework.Player.csproj", "{04E4860B-6674-0927-714F-8D191AAD98A8}"
EndProject
Project("{FAE04EC0-301F-11D3-BF4B-00C04F79EFBC}") = "Unity.RenderPipeline.Universal.ShaderLibrary", "Unity.RenderPipeline.Universal.ShaderLibrary.Player.csproj", "{23EFFC5E-65F4-B3F4-CCAE-FD6E572E9894}"
EndProject
Project("{FAE04EC0-301F-11D3-BF4B-00C04F79EFBC}") = "Unity.2D.Common.Runtime", "Unity.2D.Common.Runtime.Player.csproj", "{F4E1E97B-F34C-8EE2-723F-1E53F826FD60}"
EndProject
Project("{FAE04EC0-301F-11D3-BF4B-00C04F79EFBC}") = "Unity.2D.PixelPerfect", "Unity.2D.PixelPerfect.Player.csproj", "{24F4B1DE-53CB-273B-DF83-232A626A8B11}"
EndProject
Project("{FAE04EC0-301F-11D3-BF4B-00C04F79EFBC}") = "Unity.RenderPipelines.Universal.Shaders", "Unity.RenderPipelines.Universal.Shaders.Player.csproj", "{CB103E57-F0A6-996C-8A3D-9F7EC678C130}"
EndProject
Project("{FAE04EC0-301F-11D3-BF4B-00C04F79EFBC}") = "Unity.RenderPipelines.Core.Runtime.Shared", "Unity.RenderPipelines.Core.Runtime.Shared.Player.csproj", "{9391C1E1-1003-D791-764A-F23AE655D3B6}"
EndProject
Project("{FAE04EC0-301F-11D3-BF4B-00C04F79EFBC}") = "Unity.RenderPipelines.Universal.Config.Runtime", "Unity.RenderPipelines.Universal.Config.Runtime.Player.csproj", "{D47EF1A1-30E3-18FC-D1CA-55CB9CEC94B8}"
EndProject
Project("{FAE04EC0-301F-11D3-BF4B-00C04F79EFBC}") = "Unity.RenderPipelines.ShaderGraph.ShaderGraphLibrary", "Unity.RenderPipelines.ShaderGraph.ShaderGraphLibrary.Player.csproj", "{A6B5E277-3613-8660-6DB0-5F8C5DE065E4}"
EndProject
Project("{FAE04EC0-301F-11D3-BF4B-00C04F79EFBC}") = "Unity.RenderPipelines.Core.ShaderLibrary", "Unity.RenderPipelines.Core.ShaderLibrary.Player.csproj", "{E99A8867-8366-3E62-8C24-C5A6A6282490}"
EndProject
Global
	GlobalSection(SolutionConfigurationPlatforms) = preSolution
		Debug|Any CPU = Debug|Any CPU
		Release|Any CPU = Release|Any CPU
	EndGlobalSection
	GlobalSection(ProjectConfigurationPlatforms) = postSolution
		{43A851ED-5163-0C2B-7D99-E06599C00DDD}.Debug|Any CPU.ActiveCfg = Debug|Any CPU
		{43A851ED-5163-0C2B-7D99-E06599C00DDD}.Debug|Any CPU.Build.0 = Debug|Any CPU
		{43A851ED-5163-0C2B-7D99-E06599C00DDD}.Release|Any CPU.ActiveCfg = Release|Any CPU
		{43A851ED-5163-0C2B-7D99-E06599C00DDD}.Release|Any CPU.Build.0 = Release|Any CPU
		{EA90ECD6-FD0E-6EB6-8160-ACEA6106F298}.Debug|Any CPU.ActiveCfg = Debug|Any CPU
		{EA90ECD6-FD0E-6EB6-8160-ACEA6106F298}.Debug|Any CPU.Build.0 = Debug|Any CPU
		{EA90ECD6-FD0E-6EB6-8160-ACEA6106F298}.Release|Any CPU.ActiveCfg = Release|Any CPU
		{EA90ECD6-FD0E-6EB6-8160-ACEA6106F298}.Release|Any CPU.Build.0 = Release|Any CPU
		{6F811038-8A7C-5772-AEB4-8140913EFAEE}.Debug|Any CPU.ActiveCfg = Debug|Any CPU
		{6F811038-8A7C-5772-AEB4-8140913EFAEE}.Debug|Any CPU.Build.0 = Debug|Any CPU
		{6F811038-8A7C-5772-AEB4-8140913EFAEE}.Release|Any CPU.ActiveCfg = Release|Any CPU
		{6F811038-8A7C-5772-AEB4-8140913EFAEE}.Release|Any CPU.Build.0 = Release|Any CPU
		{6FF027EF-AA4A-9687-FF17-2425A927599E}.Debug|Any CPU.ActiveCfg = Debug|Any CPU
		{6FF027EF-AA4A-9687-FF17-2425A927599E}.Debug|Any CPU.Build.0 = Debug|Any CPU
		{6FF027EF-AA4A-9687-FF17-2425A927599E}.Release|Any CPU.ActiveCfg = Release|Any CPU
		{6FF027EF-AA4A-9687-FF17-2425A927599E}.Release|Any CPU.Build.0 = Release|Any CPU
		{BCA52175-0E81-35CE-4E78-D2BCF4A7BEAB}.Debug|Any CPU.ActiveCfg = Debug|Any CPU
		{BCA52175-0E81-35CE-4E78-D2BCF4A7BEAB}.Debug|Any CPU.Build.0 = Debug|Any CPU
		{BCA52175-0E81-35CE-4E78-D2BCF4A7BEAB}.Release|Any CPU.ActiveCfg = Release|Any CPU
		{BCA52175-0E81-35CE-4E78-D2BCF4A7BEAB}.Release|Any CPU.Build.0 = Release|Any CPU
		{4DD786C7-69A2-77EF-7BF7-E91F220AE718}.Debug|Any CPU.ActiveCfg = Debug|Any CPU
		{4DD786C7-69A2-77EF-7BF7-E91F220AE718}.Debug|Any CPU.Build.0 = Debug|Any CPU
		{4DD786C7-69A2-77EF-7BF7-E91F220AE718}.Release|Any CPU.ActiveCfg = Release|Any CPU
		{4DD786C7-69A2-77EF-7BF7-E91F220AE718}.Release|Any CPU.Build.0 = Release|Any CPU
		{1E645BED-24D6-76D6-4A86-B7F03FB4C8BB}.Debug|Any CPU.ActiveCfg = Debug|Any CPU
		{1E645BED-24D6-76D6-4A86-B7F03FB4C8BB}.Debug|Any CPU.Build.0 = Debug|Any CPU
		{1E645BED-24D6-76D6-4A86-B7F03FB4C8BB}.Release|Any CPU.ActiveCfg = Release|Any CPU
		{1E645BED-24D6-76D6-4A86-B7F03FB4C8BB}.Release|Any CPU.Build.0 = Release|Any CPU
		{7E59FAE4-6F38-9C97-CEAD-9ABBEB96FB80}.Debug|Any CPU.ActiveCfg = Debug|Any CPU
		{7E59FAE4-6F38-9C97-CEAD-9ABBEB96FB80}.Debug|Any CPU.Build.0 = Debug|Any CPU
		{7E59FAE4-6F38-9C97-CEAD-9ABBEB96FB80}.Release|Any CPU.ActiveCfg = Release|Any CPU
		{7E59FAE4-6F38-9C97-CEAD-9ABBEB96FB80}.Release|Any CPU.Build.0 = Release|Any CPU
		{160633BB-F98D-7ABB-385D-424501B0A4E2}.Debug|Any CPU.ActiveCfg = Debug|Any CPU
		{160633BB-F98D-7ABB-385D-424501B0A4E2}.Debug|Any CPU.Build.0 = Debug|Any CPU
		{160633BB-F98D-7ABB-385D-424501B0A4E2}.Release|Any CPU.ActiveCfg = Release|Any CPU
		{160633BB-F98D-7ABB-385D-424501B0A4E2}.Release|Any CPU.Build.0 = Release|Any CPU
		{F3057263-9245-E031-4246-14A76804A51A}.Debug|Any CPU.ActiveCfg = Debug|Any CPU
		{F3057263-9245-E031-4246-14A76804A51A}.Debug|Any CPU.Build.0 = Debug|Any CPU
		{F3057263-9245-E031-4246-14A76804A51A}.Release|Any CPU.ActiveCfg = Release|Any CPU
		{F3057263-9245-E031-4246-14A76804A51A}.Release|Any CPU.Build.0 = Release|Any CPU
		{1A6A24FB-C94E-C890-110B-EFF5B56D3203}.Debug|Any CPU.ActiveCfg = Debug|Any CPU
		{1A6A24FB-C94E-C890-110B-EFF5B56D3203}.Debug|Any CPU.Build.0 = Debug|Any CPU
		{1A6A24FB-C94E-C890-110B-EFF5B56D3203}.Release|Any CPU.ActiveCfg = Release|Any CPU
		{1A6A24FB-C94E-C890-110B-EFF5B56D3203}.Release|Any CPU.Build.0 = Release|Any CPU
		{74887592-DF5F-223E-8F5F-C630E4BE978C}.Debug|Any CPU.ActiveCfg = Debug|Any CPU
		{74887592-DF5F-223E-8F5F-C630E4BE978C}.Debug|Any CPU.Build.0 = Debug|Any CPU
		{74887592-DF5F-223E-8F5F-C630E4BE978C}.Release|Any CPU.ActiveCfg = Release|Any CPU
		{74887592-DF5F-223E-8F5F-C630E4BE978C}.Release|Any CPU.Build.0 = Release|Any CPU
		{8605AA59-60E9-2394-9882-8749D6D817BF}.Debug|Any CPU.ActiveCfg = Debug|Any CPU
		{8605AA59-60E9-2394-9882-8749D6D817BF}.Debug|Any CPU.Build.0 = Debug|Any CPU
		{8605AA59-60E9-2394-9882-8749D6D817BF}.Release|Any CPU.ActiveCfg = Release|Any CPU
		{8605AA59-60E9-2394-9882-8749D6D817BF}.Release|Any CPU.Build.0 = Release|Any CPU
		{FFCA7782-117F-ED7D-6241-BFB9AC255392}.Debug|Any CPU.ActiveCfg = Debug|Any CPU
		{FFCA7782-117F-ED7D-6241-BFB9AC255392}.Debug|Any CPU.Build.0 = Debug|Any CPU
		{FFCA7782-117F-ED7D-6241-BFB9AC255392}.Release|Any CPU.ActiveCfg = Release|Any CPU
		{FFCA7782-117F-ED7D-6241-BFB9AC255392}.Release|Any CPU.Build.0 = Release|Any CPU
		{0AD4A597-9302-6EA0-F9C6-A204056065C0}.Debug|Any CPU.ActiveCfg = Debug|Any CPU
		{0AD4A597-9302-6EA0-F9C6-A204056065C0}.Debug|Any CPU.Build.0 = Debug|Any CPU
		{0AD4A597-9302-6EA0-F9C6-A204056065C0}.Release|Any CPU.ActiveCfg = Release|Any CPU
		{0AD4A597-9302-6EA0-F9C6-A204056065C0}.Release|Any CPU.Build.0 = Release|Any CPU
		{AA49C983-AFCF-DD7B-AA19-12CD8B784E60}.Debug|Any CPU.ActiveCfg = Debug|Any CPU
		{AA49C983-AFCF-DD7B-AA19-12CD8B784E60}.Debug|Any CPU.Build.0 = Debug|Any CPU
		{AA49C983-AFCF-DD7B-AA19-12CD8B784E60}.Release|Any CPU.ActiveCfg = Release|Any CPU
		{AA49C983-AFCF-DD7B-AA19-12CD8B784E60}.Release|Any CPU.Build.0 = Release|Any CPU
		{600D20C1-A65F-ACB2-8DF3-0E62EE290EDF}.Debug|Any CPU.ActiveCfg = Debug|Any CPU
		{600D20C1-A65F-ACB2-8DF3-0E62EE290EDF}.Debug|Any CPU.Build.0 = Debug|Any CPU
		{600D20C1-A65F-ACB2-8DF3-0E62EE290EDF}.Release|Any CPU.ActiveCfg = Release|Any CPU
		{600D20C1-A65F-ACB2-8DF3-0E62EE290EDF}.Release|Any CPU.Build.0 = Release|Any CPU
		{85C94F27-FC4A-DE00-06EA-89150B95FFB8}.Debug|Any CPU.ActiveCfg = Debug|Any CPU
		{85C94F27-FC4A-DE00-06EA-89150B95FFB8}.Debug|Any CPU.Build.0 = Debug|Any CPU
		{85C94F27-FC4A-DE00-06EA-89150B95FFB8}.Release|Any CPU.ActiveCfg = Release|Any CPU
		{85C94F27-FC4A-DE00-06EA-89150B95FFB8}.Release|Any CPU.Build.0 = Release|Any CPU
		{7127ABBA-4BCF-5635-B390-6F3EACD5AFE9}.Debug|Any CPU.ActiveCfg = Debug|Any CPU
		{7127ABBA-4BCF-5635-B390-6F3EACD5AFE9}.Debug|Any CPU.Build.0 = Debug|Any CPU
		{7127ABBA-4BCF-5635-B390-6F3EACD5AFE9}.Release|Any CPU.ActiveCfg = Release|Any CPU
		{7127ABBA-4BCF-5635-B390-6F3EACD5AFE9}.Release|Any CPU.Build.0 = Release|Any CPU
		{7414CE30-A7F4-09F8-8DEE-EBCA57E295D3}.Debug|Any CPU.ActiveCfg = Debug|Any CPU
		{7414CE30-A7F4-09F8-8DEE-EBCA57E295D3}.Debug|Any CPU.Build.0 = Debug|Any CPU
		{7414CE30-A7F4-09F8-8DEE-EBCA57E295D3}.Release|Any CPU.ActiveCfg = Release|Any CPU
		{7414CE30-A7F4-09F8-8DEE-EBCA57E295D3}.Release|Any CPU.Build.0 = Release|Any CPU
		{592F21B5-B26C-09B3-8B46-A0E44DB993E2}.Debug|Any CPU.ActiveCfg = Debug|Any CPU
		{592F21B5-B26C-09B3-8B46-A0E44DB993E2}.Debug|Any CPU.Build.0 = Debug|Any CPU
		{592F21B5-B26C-09B3-8B46-A0E44DB993E2}.Release|Any CPU.ActiveCfg = Release|Any CPU
		{592F21B5-B26C-09B3-8B46-A0E44DB993E2}.Release|Any CPU.Build.0 = Release|Any CPU
		{36142DC8-7ED0-34A6-95CF-520473C73680}.Debug|Any CPU.ActiveCfg = Debug|Any CPU
		{36142DC8-7ED0-34A6-95CF-520473C73680}.Debug|Any CPU.Build.0 = Debug|Any CPU
		{36142DC8-7ED0-34A6-95CF-520473C73680}.Release|Any CPU.ActiveCfg = Release|Any CPU
		{36142DC8-7ED0-34A6-95CF-520473C73680}.Release|Any CPU.Build.0 = Release|Any CPU
		{C4FF9CD1-DD7C-8BBB-28E7-21B3DC136DE9}.Debug|Any CPU.ActiveCfg = Debug|Any CPU
		{C4FF9CD1-DD7C-8BBB-28E7-21B3DC136DE9}.Debug|Any CPU.Build.0 = Debug|Any CPU
		{C4FF9CD1-DD7C-8BBB-28E7-21B3DC136DE9}.Release|Any CPU.ActiveCfg = Release|Any CPU
		{C4FF9CD1-DD7C-8BBB-28E7-21B3DC136DE9}.Release|Any CPU.Build.0 = Release|Any CPU
		{7B2BE319-26C9-D5EE-926F-08FF698A7744}.Debug|Any CPU.ActiveCfg = Debug|Any CPU
		{7B2BE319-26C9-D5EE-926F-08FF698A7744}.Debug|Any CPU.Build.0 = Debug|Any CPU
		{7B2BE319-26C9-D5EE-926F-08FF698A7744}.Release|Any CPU.ActiveCfg = Release|Any CPU
		{7B2BE319-26C9-D5EE-926F-08FF698A7744}.Release|Any CPU.Build.0 = Release|Any CPU
		{28AFB73C-8F83-F135-389D-8D7C66F16558}.Debug|Any CPU.ActiveCfg = Debug|Any CPU
		{28AFB73C-8F83-F135-389D-8D7C66F16558}.Debug|Any CPU.Build.0 = Debug|Any CPU
		{28AFB73C-8F83-F135-389D-8D7C66F16558}.Release|Any CPU.ActiveCfg = Release|Any CPU
		{28AFB73C-8F83-F135-389D-8D7C66F16558}.Release|Any CPU.Build.0 = Release|Any CPU
		{741C07FA-A520-8050-DAF9-0A56051EA59A}.Debug|Any CPU.ActiveCfg = Debug|Any CPU
		{741C07FA-A520-8050-DAF9-0A56051EA59A}.Debug|Any CPU.Build.0 = Debug|Any CPU
		{741C07FA-A520-8050-DAF9-0A56051EA59A}.Release|Any CPU.ActiveCfg = Release|Any CPU
		{741C07FA-A520-8050-DAF9-0A56051EA59A}.Release|Any CPU.Build.0 = Release|Any CPU
		{2D07A4BB-3919-15C0-DC0D-40B6024435ED}.Debug|Any CPU.ActiveCfg = Debug|Any CPU
		{2D07A4BB-3919-15C0-DC0D-40B6024435ED}.Debug|Any CPU.Build.0 = Debug|Any CPU
		{2D07A4BB-3919-15C0-DC0D-40B6024435ED}.Release|Any CPU.ActiveCfg = Release|Any CPU
		{2D07A4BB-3919-15C0-DC0D-40B6024435ED}.Release|Any CPU.Build.0 = Release|Any CPU
		{B60BF2AE-D75D-241D-638A-29539AC31168}.Debug|Any CPU.ActiveCfg = Debug|Any CPU
		{B60BF2AE-D75D-241D-638A-29539AC31168}.Debug|Any CPU.Build.0 = Debug|Any CPU
		{B60BF2AE-D75D-241D-638A-29539AC31168}.Release|Any CPU.ActiveCfg = Release|Any CPU
		{B60BF2AE-D75D-241D-638A-29539AC31168}.Release|Any CPU.Build.0 = Release|Any CPU
		{4C4D6DC5-E4D4-B496-0E82-DD317A610B7D}.Debug|Any CPU.ActiveCfg = Debug|Any CPU
		{4C4D6DC5-E4D4-B496-0E82-DD317A610B7D}.Debug|Any CPU.Build.0 = Debug|Any CPU
		{4C4D6DC5-E4D4-B496-0E82-DD317A610B7D}.Release|Any CPU.ActiveCfg = Release|Any CPU
		{4C4D6DC5-E4D4-B496-0E82-DD317A610B7D}.Release|Any CPU.Build.0 = Release|Any CPU
		{C88C9213-E0C3-D21D-53BD-A08152328AD8}.Debug|Any CPU.ActiveCfg = Debug|Any CPU
		{C88C9213-E0C3-D21D-53BD-A08152328AD8}.Debug|Any CPU.Build.0 = Debug|Any CPU
		{C88C9213-E0C3-D21D-53BD-A08152328AD8}.Release|Any CPU.ActiveCfg = Release|Any CPU
		{C88C9213-E0C3-D21D-53BD-A08152328AD8}.Release|Any CPU.Build.0 = Release|Any CPU
		{1A59DE85-8BCC-909F-481A-9BE2A2CD2E7C}.Debug|Any CPU.ActiveCfg = Debug|Any CPU
		{1A59DE85-8BCC-909F-481A-9BE2A2CD2E7C}.Debug|Any CPU.Build.0 = Debug|Any CPU
		{1A59DE85-8BCC-909F-481A-9BE2A2CD2E7C}.Release|Any CPU.ActiveCfg = Release|Any CPU
		{1A59DE85-8BCC-909F-481A-9BE2A2CD2E7C}.Release|Any CPU.Build.0 = Release|Any CPU
		{7C583FB6-728A-238C-9BE7-91A3981ABDE5}.Debug|Any CPU.ActiveCfg = Debug|Any CPU
		{7C583FB6-728A-238C-9BE7-91A3981ABDE5}.Debug|Any CPU.Build.0 = Debug|Any CPU
		{7C583FB6-728A-238C-9BE7-91A3981ABDE5}.Release|Any CPU.ActiveCfg = Release|Any CPU
		{7C583FB6-728A-238C-9BE7-91A3981ABDE5}.Release|Any CPU.Build.0 = Release|Any CPU
		{E4E88E78-8B32-3C23-0994-FB7734A873E7}.Debug|Any CPU.ActiveCfg = Debug|Any CPU
		{E4E88E78-8B32-3C23-0994-FB7734A873E7}.Debug|Any CPU.Build.0 = Debug|Any CPU
		{E4E88E78-8B32-3C23-0994-FB7734A873E7}.Release|Any CPU.ActiveCfg = Release|Any CPU
		{E4E88E78-8B32-3C23-0994-FB7734A873E7}.Release|Any CPU.Build.0 = Release|Any CPU
		{E387E43A-30A3-F0B2-8CBA-ED4ECA75801E}.Debug|Any CPU.ActiveCfg = Debug|Any CPU
		{E387E43A-30A3-F0B2-8CBA-ED4ECA75801E}.Debug|Any CPU.Build.0 = Debug|Any CPU
		{E387E43A-30A3-F0B2-8CBA-ED4ECA75801E}.Release|Any CPU.ActiveCfg = Release|Any CPU
		{E387E43A-30A3-F0B2-8CBA-ED4ECA75801E}.Release|Any CPU.Build.0 = Release|Any CPU
		{ACBB68BB-2474-EBAB-FAB4-16037562A5B8}.Debug|Any CPU.ActiveCfg = Debug|Any CPU
		{ACBB68BB-2474-EBAB-FAB4-16037562A5B8}.Debug|Any CPU.Build.0 = Debug|Any CPU
		{ACBB68BB-2474-EBAB-FAB4-16037562A5B8}.Release|Any CPU.ActiveCfg = Release|Any CPU
		{ACBB68BB-2474-EBAB-FAB4-16037562A5B8}.Release|Any CPU.Build.0 = Release|Any CPU
		{BE428FC8-A1E3-8E6D-DD80-77109380C4CC}.Debug|Any CPU.ActiveCfg = Debug|Any CPU
		{BE428FC8-A1E3-8E6D-DD80-77109380C4CC}.Debug|Any CPU.Build.0 = Debug|Any CPU
		{BE428FC8-A1E3-8E6D-DD80-77109380C4CC}.Release|Any CPU.ActiveCfg = Release|Any CPU
		{BE428FC8-A1E3-8E6D-DD80-77109380C4CC}.Release|Any CPU.Build.0 = Release|Any CPU
		{9302EA2D-4D4D-03FA-C71A-AA15660C9921}.Debug|Any CPU.ActiveCfg = Debug|Any CPU
		{9302EA2D-4D4D-03FA-C71A-AA15660C9921}.Debug|Any CPU.Build.0 = Debug|Any CPU
		{9302EA2D-4D4D-03FA-C71A-AA15660C9921}.Release|Any CPU.ActiveCfg = Release|Any CPU
		{9302EA2D-4D4D-03FA-C71A-AA15660C9921}.Release|Any CPU.Build.0 = Release|Any CPU
		{9484CD3A-49A2-7334-4519-BE7FD3F2EDEB}.Debug|Any CPU.ActiveCfg = Debug|Any CPU
		{9484CD3A-49A2-7334-4519-BE7FD3F2EDEB}.Debug|Any CPU.Build.0 = Debug|Any CPU
		{9484CD3A-49A2-7334-4519-BE7FD3F2EDEB}.Release|Any CPU.ActiveCfg = Release|Any CPU
		{9484CD3A-49A2-7334-4519-BE7FD3F2EDEB}.Release|Any CPU.Build.0 = Release|Any CPU
		{D9324241-8BF7-C418-B4F2-FC21F71591A9}.Debug|Any CPU.ActiveCfg = Debug|Any CPU
		{D9324241-8BF7-C418-B4F2-FC21F71591A9}.Debug|Any CPU.Build.0 = Debug|Any CPU
		{D9324241-8BF7-C418-B4F2-FC21F71591A9}.Release|Any CPU.ActiveCfg = Release|Any CPU
		{D9324241-8BF7-C418-B4F2-FC21F71591A9}.Release|Any CPU.Build.0 = Release|Any CPU
		{BEDE8598-1CA7-AA87-1940-38CEAA855819}.Debug|Any CPU.ActiveCfg = Debug|Any CPU
		{BEDE8598-1CA7-AA87-1940-38CEAA855819}.Debug|Any CPU.Build.0 = Debug|Any CPU
		{BEDE8598-1CA7-AA87-1940-38CEAA855819}.Release|Any CPU.ActiveCfg = Release|Any CPU
		{BEDE8598-1CA7-AA87-1940-38CEAA855819}.Release|Any CPU.Build.0 = Release|Any CPU
		{E5284452-909F-EF06-C04F-150F3E9B3A39}.Debug|Any CPU.ActiveCfg = Debug|Any CPU
		{E5284452-909F-EF06-C04F-150F3E9B3A39}.Debug|Any CPU.Build.0 = Debug|Any CPU
		{E5284452-909F-EF06-C04F-150F3E9B3A39}.Release|Any CPU.ActiveCfg = Release|Any CPU
		{E5284452-909F-EF06-C04F-150F3E9B3A39}.Release|Any CPU.Build.0 = Release|Any CPU
		{1F00B6E9-B1AE-91D3-0D94-282277A332A0}.Debug|Any CPU.ActiveCfg = Debug|Any CPU
		{1F00B6E9-B1AE-91D3-0D94-282277A332A0}.Debug|Any CPU.Build.0 = Debug|Any CPU
		{1F00B6E9-B1AE-91D3-0D94-282277A332A0}.Release|Any CPU.ActiveCfg = Release|Any CPU
		{1F00B6E9-B1AE-91D3-0D94-282277A332A0}.Release|Any CPU.Build.0 = Release|Any CPU
		{565A3BF5-4933-8E22-54E4-D2BEB5E30DAB}.Debug|Any CPU.ActiveCfg = Debug|Any CPU
		{565A3BF5-4933-8E22-54E4-D2BEB5E30DAB}.Debug|Any CPU.Build.0 = Debug|Any CPU
		{565A3BF5-4933-8E22-54E4-D2BEB5E30DAB}.Release|Any CPU.ActiveCfg = Release|Any CPU
		{565A3BF5-4933-8E22-54E4-D2BEB5E30DAB}.Release|Any CPU.Build.0 = Release|Any CPU
		{39277182-BBEB-A646-A0F0-F0EF1147AA6D}.Debug|Any CPU.ActiveCfg = Debug|Any CPU
		{39277182-BBEB-A646-A0F0-F0EF1147AA6D}.Debug|Any CPU.Build.0 = Debug|Any CPU
		{39277182-BBEB-A646-A0F0-F0EF1147AA6D}.Release|Any CPU.ActiveCfg = Release|Any CPU
		{39277182-BBEB-A646-A0F0-F0EF1147AA6D}.Release|Any CPU.Build.0 = Release|Any CPU
		{8B4F2CC4-DBB3-9569-4B14-3761DDAE638C}.Debug|Any CPU.ActiveCfg = Debug|Any CPU
		{8B4F2CC4-DBB3-9569-4B14-3761DDAE638C}.Debug|Any CPU.Build.0 = Debug|Any CPU
		{8B4F2CC4-DBB3-9569-4B14-3761DDAE638C}.Release|Any CPU.ActiveCfg = Release|Any CPU
		{8B4F2CC4-DBB3-9569-4B14-3761DDAE638C}.Release|Any CPU.Build.0 = Release|Any CPU
		{BC417439-D06D-BF87-0D4A-7FDF21096D74}.Debug|Any CPU.ActiveCfg = Debug|Any CPU
		{BC417439-D06D-BF87-0D4A-7FDF21096D74}.Debug|Any CPU.Build.0 = Debug|Any CPU
		{BC417439-D06D-BF87-0D4A-7FDF21096D74}.Release|Any CPU.ActiveCfg = Release|Any CPU
		{BC417439-D06D-BF87-0D4A-7FDF21096D74}.Release|Any CPU.Build.0 = Release|Any CPU
		{6548A856-FA16-EFA6-2815-8CFE84367537}.Debug|Any CPU.ActiveCfg = Debug|Any CPU
		{6548A856-FA16-EFA6-2815-8CFE84367537}.Debug|Any CPU.Build.0 = Debug|Any CPU
		{6548A856-FA16-EFA6-2815-8CFE84367537}.Release|Any CPU.ActiveCfg = Release|Any CPU
		{6548A856-FA16-EFA6-2815-8CFE84367537}.Release|Any CPU.Build.0 = Release|Any CPU
		{F5E44A80-4462-FFAD-7138-F0D5BAC893C9}.Debug|Any CPU.ActiveCfg = Debug|Any CPU
		{F5E44A80-4462-FFAD-7138-F0D5BAC893C9}.Debug|Any CPU.Build.0 = Debug|Any CPU
		{F5E44A80-4462-FFAD-7138-F0D5BAC893C9}.Release|Any CPU.ActiveCfg = Release|Any CPU
		{F5E44A80-4462-FFAD-7138-F0D5BAC893C9}.Release|Any CPU.Build.0 = Release|Any CPU
		{B14B5EDB-E61D-EFE7-247F-0543B88F6554}.Debug|Any CPU.ActiveCfg = Debug|Any CPU
		{B14B5EDB-E61D-EFE7-247F-0543B88F6554}.Debug|Any CPU.Build.0 = Debug|Any CPU
		{B14B5EDB-E61D-EFE7-247F-0543B88F6554}.Release|Any CPU.ActiveCfg = Release|Any CPU
		{B14B5EDB-E61D-EFE7-247F-0543B88F6554}.Release|Any CPU.Build.0 = Release|Any CPU
		{72B9C842-F1BD-7D95-B64B-2F49CCD20B50}.Debug|Any CPU.ActiveCfg = Debug|Any CPU
		{72B9C842-F1BD-7D95-B64B-2F49CCD20B50}.Debug|Any CPU.Build.0 = Debug|Any CPU
		{72B9C842-F1BD-7D95-B64B-2F49CCD20B50}.Release|Any CPU.ActiveCfg = Release|Any CPU
		{72B9C842-F1BD-7D95-B64B-2F49CCD20B50}.Release|Any CPU.Build.0 = Release|Any CPU
		{8C90BB81-AB8D-088F-AF37-3E3140CA7585}.Debug|Any CPU.ActiveCfg = Debug|Any CPU
		{8C90BB81-AB8D-088F-AF37-3E3140CA7585}.Debug|Any CPU.Build.0 = Debug|Any CPU
		{8C90BB81-AB8D-088F-AF37-3E3140CA7585}.Release|Any CPU.ActiveCfg = Release|Any CPU
		{8C90BB81-AB8D-088F-AF37-3E3140CA7585}.Release|Any CPU.Build.0 = Release|Any CPU
		{AD364F08-D998-C552-4677-A20CF7AB8021}.Debug|Any CPU.ActiveCfg = Debug|Any CPU
		{AD364F08-D998-C552-4677-A20CF7AB8021}.Debug|Any CPU.Build.0 = Debug|Any CPU
		{AD364F08-D998-C552-4677-A20CF7AB8021}.Release|Any CPU.ActiveCfg = Release|Any CPU
		{AD364F08-D998-C552-4677-A20CF7AB8021}.Release|Any CPU.Build.0 = Release|Any CPU
		{7FC14DFB-D919-BC33-818F-D03FAF90A776}.Debug|Any CPU.ActiveCfg = Debug|Any CPU
		{7FC14DFB-D919-BC33-818F-D03FAF90A776}.Debug|Any CPU.Build.0 = Debug|Any CPU
		{7FC14DFB-D919-BC33-818F-D03FAF90A776}.Release|Any CPU.ActiveCfg = Release|Any CPU
		{7FC14DFB-D919-BC33-818F-D03FAF90A776}.Release|Any CPU.Build.0 = Release|Any CPU
		{D9E5FCFB-BEC3-8E57-AFA9-8D9861A9DC49}.Debug|Any CPU.ActiveCfg = Debug|Any CPU
		{D9E5FCFB-BEC3-8E57-AFA9-8D9861A9DC49}.Debug|Any CPU.Build.0 = Debug|Any CPU
		{D9E5FCFB-BEC3-8E57-AFA9-8D9861A9DC49}.Release|Any CPU.ActiveCfg = Release|Any CPU
		{D9E5FCFB-BEC3-8E57-AFA9-8D9861A9DC49}.Release|Any CPU.Build.0 = Release|Any CPU
		{777D58FB-36BF-1860-B4A0-750AFA7BDA58}.Debug|Any CPU.ActiveCfg = Debug|Any CPU
		{777D58FB-36BF-1860-B4A0-750AFA7BDA58}.Debug|Any CPU.Build.0 = Debug|Any CPU
		{777D58FB-36BF-1860-B4A0-750AFA7BDA58}.Release|Any CPU.ActiveCfg = Release|Any CPU
		{777D58FB-36BF-1860-B4A0-750AFA7BDA58}.Release|Any CPU.Build.0 = Release|Any CPU
		{C8535352-3EE1-C604-D19D-DDB9339F5EC8}.Debug|Any CPU.ActiveCfg = Debug|Any CPU
		{C8535352-3EE1-C604-D19D-DDB9339F5EC8}.Debug|Any CPU.Build.0 = Debug|Any CPU
		{C8535352-3EE1-C604-D19D-DDB9339F5EC8}.Release|Any CPU.ActiveCfg = Release|Any CPU
		{C8535352-3EE1-C604-D19D-DDB9339F5EC8}.Release|Any CPU.Build.0 = Release|Any CPU
		{4DA77598-49A2-BFAC-BFEA-F22235EB1613}.Debug|Any CPU.ActiveCfg = Debug|Any CPU
		{4DA77598-49A2-BFAC-BFEA-F22235EB1613}.Debug|Any CPU.Build.0 = Debug|Any CPU
		{4DA77598-49A2-BFAC-BFEA-F22235EB1613}.Release|Any CPU.ActiveCfg = Release|Any CPU
		{4DA77598-49A2-BFAC-BFEA-F22235EB1613}.Release|Any CPU.Build.0 = Release|Any CPU
		{8BBDE9C3-845A-7F40-8498-13DC96F76EAB}.Debug|Any CPU.ActiveCfg = Debug|Any CPU
		{8BBDE9C3-845A-7F40-8498-13DC96F76EAB}.Debug|Any CPU.Build.0 = Debug|Any CPU
		{8BBDE9C3-845A-7F40-8498-13DC96F76EAB}.Release|Any CPU.ActiveCfg = Release|Any CPU
		{8BBDE9C3-845A-7F40-8498-13DC96F76EAB}.Release|Any CPU.Build.0 = Release|Any CPU
		{FBD12C1A-5C1A-9373-02AD-FB41EB3812A4}.Debug|Any CPU.ActiveCfg = Debug|Any CPU
		{FBD12C1A-5C1A-9373-02AD-FB41EB3812A4}.Debug|Any CPU.Build.0 = Debug|Any CPU
		{FBD12C1A-5C1A-9373-02AD-FB41EB3812A4}.Release|Any CPU.ActiveCfg = Release|Any CPU
		{FBD12C1A-5C1A-9373-02AD-FB41EB3812A4}.Release|Any CPU.Build.0 = Release|Any CPU
		{405A84ED-5478-49F6-E4AD-EF76A785079F}.Debug|Any CPU.ActiveCfg = Debug|Any CPU
		{405A84ED-5478-49F6-E4AD-EF76A785079F}.Debug|Any CPU.Build.0 = Debug|Any CPU
		{405A84ED-5478-49F6-E4AD-EF76A785079F}.Release|Any CPU.ActiveCfg = Release|Any CPU
		{405A84ED-5478-49F6-E4AD-EF76A785079F}.Release|Any CPU.Build.0 = Release|Any CPU
		{A883D4C0-8212-856C-0E07-1F42ECB7C134}.Debug|Any CPU.ActiveCfg = Debug|Any CPU
		{A883D4C0-8212-856C-0E07-1F42ECB7C134}.Debug|Any CPU.Build.0 = Debug|Any CPU
		{A883D4C0-8212-856C-0E07-1F42ECB7C134}.Release|Any CPU.ActiveCfg = Release|Any CPU
		{A883D4C0-8212-856C-0E07-1F42ECB7C134}.Release|Any CPU.Build.0 = Release|Any CPU
		{05E6B33E-3850-32BD-2B73-191B4D182BBC}.Debug|Any CPU.ActiveCfg = Debug|Any CPU
		{05E6B33E-3850-32BD-2B73-191B4D182BBC}.Debug|Any CPU.Build.0 = Debug|Any CPU
		{05E6B33E-3850-32BD-2B73-191B4D182BBC}.Release|Any CPU.ActiveCfg = Release|Any CPU
		{05E6B33E-3850-32BD-2B73-191B4D182BBC}.Release|Any CPU.Build.0 = Release|Any CPU
		{B81E7F20-70D8-18A7-BD65-58BC962F2415}.Debug|Any CPU.ActiveCfg = Debug|Any CPU
		{B81E7F20-70D8-18A7-BD65-58BC962F2415}.Debug|Any CPU.Build.0 = Debug|Any CPU
		{B81E7F20-70D8-18A7-BD65-58BC962F2415}.Release|Any CPU.ActiveCfg = Release|Any CPU
		{B81E7F20-70D8-18A7-BD65-58BC962F2415}.Release|Any CPU.Build.0 = Release|Any CPU
		{D1CA3B80-18BA-F833-570B-32A3F0E75831}.Debug|Any CPU.ActiveCfg = Debug|Any CPU
		{D1CA3B80-18BA-F833-570B-32A3F0E75831}.Debug|Any CPU.Build.0 = Debug|Any CPU
		{D1CA3B80-18BA-F833-570B-32A3F0E75831}.Release|Any CPU.ActiveCfg = Release|Any CPU
		{D1CA3B80-18BA-F833-570B-32A3F0E75831}.Release|Any CPU.Build.0 = Release|Any CPU
		{F103E98C-B422-F290-8421-980C74F4058C}.Debug|Any CPU.ActiveCfg = Debug|Any CPU
		{F103E98C-B422-F290-8421-980C74F4058C}.Debug|Any CPU.Build.0 = Debug|Any CPU
		{F103E98C-B422-F290-8421-980C74F4058C}.Release|Any CPU.ActiveCfg = Release|Any CPU
		{F103E98C-B422-F290-8421-980C74F4058C}.Release|Any CPU.Build.0 = Release|Any CPU
		{FF0F24BE-39E6-8FA3-8EFE-B2353AD808BA}.Debug|Any CPU.ActiveCfg = Debug|Any CPU
		{FF0F24BE-39E6-8FA3-8EFE-B2353AD808BA}.Debug|Any CPU.Build.0 = Debug|Any CPU
		{FF0F24BE-39E6-8FA3-8EFE-B2353AD808BA}.Release|Any CPU.ActiveCfg = Release|Any CPU
		{FF0F24BE-39E6-8FA3-8EFE-B2353AD808BA}.Release|Any CPU.Build.0 = Release|Any CPU
		{46C01179-751A-050C-196B-237569E6BAF4}.Debug|Any CPU.ActiveCfg = Debug|Any CPU
		{46C01179-751A-050C-196B-237569E6BAF4}.Debug|Any CPU.Build.0 = Debug|Any CPU
		{46C01179-751A-050C-196B-237569E6BAF4}.Release|Any CPU.ActiveCfg = Release|Any CPU
		{46C01179-751A-050C-196B-237569E6BAF4}.Release|Any CPU.Build.0 = Release|Any CPU
		{928713D1-683B-CEE5-2656-5A6A18A61D0A}.Debug|Any CPU.ActiveCfg = Debug|Any CPU
		{928713D1-683B-CEE5-2656-5A6A18A61D0A}.Debug|Any CPU.Build.0 = Debug|Any CPU
		{928713D1-683B-CEE5-2656-5A6A18A61D0A}.Release|Any CPU.ActiveCfg = Release|Any CPU
		{928713D1-683B-CEE5-2656-5A6A18A61D0A}.Release|Any CPU.Build.0 = Release|Any CPU
		{548D8C57-BED4-75D3-63F1-F4A4E91C9BC8}.Debug|Any CPU.ActiveCfg = Debug|Any CPU
		{548D8C57-BED4-75D3-63F1-F4A4E91C9BC8}.Debug|Any CPU.Build.0 = Debug|Any CPU
		{548D8C57-BED4-75D3-63F1-F4A4E91C9BC8}.Release|Any CPU.ActiveCfg = Release|Any CPU
		{548D8C57-BED4-75D3-63F1-F4A4E91C9BC8}.Release|Any CPU.Build.0 = Release|Any CPU
		{57B14AE5-E264-4F3E-D4FE-8FA0AE4008B3}.Debug|Any CPU.ActiveCfg = Debug|Any CPU
		{57B14AE5-E264-4F3E-D4FE-8FA0AE4008B3}.Debug|Any CPU.Build.0 = Debug|Any CPU
		{57B14AE5-E264-4F3E-D4FE-8FA0AE4008B3}.Release|Any CPU.ActiveCfg = Release|Any CPU
		{57B14AE5-E264-4F3E-D4FE-8FA0AE4008B3}.Release|Any CPU.Build.0 = Release|Any CPU
		{BDDE31BD-9874-D3DB-EC83-B943128AB4AA}.Debug|Any CPU.ActiveCfg = Debug|Any CPU
		{BDDE31BD-9874-D3DB-EC83-B943128AB4AA}.Debug|Any CPU.Build.0 = Debug|Any CPU
		{BDDE31BD-9874-D3DB-EC83-B943128AB4AA}.Release|Any CPU.ActiveCfg = Release|Any CPU
		{BDDE31BD-9874-D3DB-EC83-B943128AB4AA}.Release|Any CPU.Build.0 = Release|Any CPU
		{92204D7E-CCB5-3735-9246-320E7DED995A}.Debug|Any CPU.ActiveCfg = Debug|Any CPU
		{92204D7E-CCB5-3735-9246-320E7DED995A}.Debug|Any CPU.Build.0 = Debug|Any CPU
		{92204D7E-CCB5-3735-9246-320E7DED995A}.Release|Any CPU.ActiveCfg = Release|Any CPU
		{92204D7E-CCB5-3735-9246-320E7DED995A}.Release|Any CPU.Build.0 = Release|Any CPU
		{4FD6DB92-D4D0-1071-E5BD-32376E879A50}.Debug|Any CPU.ActiveCfg = Debug|Any CPU
		{4FD6DB92-D4D0-1071-E5BD-32376E879A50}.Debug|Any CPU.Build.0 = Debug|Any CPU
		{4FD6DB92-D4D0-1071-E5BD-32376E879A50}.Release|Any CPU.ActiveCfg = Release|Any CPU
		{4FD6DB92-D4D0-1071-E5BD-32376E879A50}.Release|Any CPU.Build.0 = Release|Any CPU
		{4CDF0AF9-BABF-480C-D021-8A0CBBA06A36}.Debug|Any CPU.ActiveCfg = Debug|Any CPU
		{4CDF0AF9-BABF-480C-D021-8A0CBBA06A36}.Debug|Any CPU.Build.0 = Debug|Any CPU
		{4CDF0AF9-BABF-480C-D021-8A0CBBA06A36}.Release|Any CPU.ActiveCfg = Release|Any CPU
		{4CDF0AF9-BABF-480C-D021-8A0CBBA06A36}.Release|Any CPU.Build.0 = Release|Any CPU
		{6ADA1060-C764-1F75-9D03-B9FEE14A238A}.Debug|Any CPU.ActiveCfg = Debug|Any CPU
		{6ADA1060-C764-1F75-9D03-B9FEE14A238A}.Debug|Any CPU.Build.0 = Debug|Any CPU
		{6ADA1060-C764-1F75-9D03-B9FEE14A238A}.Release|Any CPU.ActiveCfg = Release|Any CPU
		{6ADA1060-C764-1F75-9D03-B9FEE14A238A}.Release|Any CPU.Build.0 = Release|Any CPU
		{60FBA317-1927-B0C2-AC5B-3B2CB7EDFE4C}.Debug|Any CPU.ActiveCfg = Debug|Any CPU
		{60FBA317-1927-B0C2-AC5B-3B2CB7EDFE4C}.Debug|Any CPU.Build.0 = Debug|Any CPU
		{60FBA317-1927-B0C2-AC5B-3B2CB7EDFE4C}.Release|Any CPU.ActiveCfg = Release|Any CPU
		{60FBA317-1927-B0C2-AC5B-3B2CB7EDFE4C}.Release|Any CPU.Build.0 = Release|Any CPU
		{52FBAEC4-BA92-D6C3-C8BE-018BEBAFB8BD}.Debug|Any CPU.ActiveCfg = Debug|Any CPU
		{52FBAEC4-BA92-D6C3-C8BE-018BEBAFB8BD}.Debug|Any CPU.Build.0 = Debug|Any CPU
		{52FBAEC4-BA92-D6C3-C8BE-018BEBAFB8BD}.Release|Any CPU.ActiveCfg = Release|Any CPU
		{52FBAEC4-BA92-D6C3-C8BE-018BEBAFB8BD}.Release|Any CPU.Build.0 = Release|Any CPU
		{AF52A744-3380-5CE2-CD48-2616E7DE459C}.Debug|Any CPU.ActiveCfg = Debug|Any CPU
		{AF52A744-3380-5CE2-CD48-2616E7DE459C}.Debug|Any CPU.Build.0 = Debug|Any CPU
		{AF52A744-3380-5CE2-CD48-2616E7DE459C}.Release|Any CPU.ActiveCfg = Release|Any CPU
		{AF52A744-3380-5CE2-CD48-2616E7DE459C}.Release|Any CPU.Build.0 = Release|Any CPU
		{FF07D458-2AEB-27EE-F100-6C8399C86482}.Debug|Any CPU.ActiveCfg = Debug|Any CPU
		{FF07D458-2AEB-27EE-F100-6C8399C86482}.Debug|Any CPU.Build.0 = Debug|Any CPU
		{FF07D458-2AEB-27EE-F100-6C8399C86482}.Release|Any CPU.ActiveCfg = Release|Any CPU
		{FF07D458-2AEB-27EE-F100-6C8399C86482}.Release|Any CPU.Build.0 = Release|Any CPU
		{195A1218-8AB9-2B14-4DC9-DBA35997B1D9}.Debug|Any CPU.ActiveCfg = Debug|Any CPU
		{195A1218-8AB9-2B14-4DC9-DBA35997B1D9}.Debug|Any CPU.Build.0 = Debug|Any CPU
		{195A1218-8AB9-2B14-4DC9-DBA35997B1D9}.Release|Any CPU.ActiveCfg = Release|Any CPU
		{195A1218-8AB9-2B14-4DC9-DBA35997B1D9}.Release|Any CPU.Build.0 = Release|Any CPU
		{05C09C29-A3AC-4456-599C-8540155FEE8D}.Debug|Any CPU.ActiveCfg = Debug|Any CPU
		{05C09C29-A3AC-4456-599C-8540155FEE8D}.Debug|Any CPU.Build.0 = Debug|Any CPU
		{05C09C29-A3AC-4456-599C-8540155FEE8D}.Release|Any CPU.ActiveCfg = Release|Any CPU
		{05C09C29-A3AC-4456-599C-8540155FEE8D}.Release|Any CPU.Build.0 = Release|Any CPU
		{FD62B94F-8473-788C-14F9-8FD8A0C55F4F}.Debug|Any CPU.ActiveCfg = Debug|Any CPU
		{FD62B94F-8473-788C-14F9-8FD8A0C55F4F}.Debug|Any CPU.Build.0 = Debug|Any CPU
		{FD62B94F-8473-788C-14F9-8FD8A0C55F4F}.Release|Any CPU.ActiveCfg = Release|Any CPU
		{FD62B94F-8473-788C-14F9-8FD8A0C55F4F}.Release|Any CPU.Build.0 = Release|Any CPU
		{42C825E2-5539-3D4D-89C2-56EED4C981DD}.Debug|Any CPU.ActiveCfg = Debug|Any CPU
		{42C825E2-5539-3D4D-89C2-56EED4C981DD}.Debug|Any CPU.Build.0 = Debug|Any CPU
		{42C825E2-5539-3D4D-89C2-56EED4C981DD}.Release|Any CPU.ActiveCfg = Release|Any CPU
		{42C825E2-5539-3D4D-89C2-56EED4C981DD}.Release|Any CPU.Build.0 = Release|Any CPU
		{A170A94D-1BD4-75A8-7746-BEC64A2B3DAE}.Debug|Any CPU.ActiveCfg = Debug|Any CPU
		{A170A94D-1BD4-75A8-7746-BEC64A2B3DAE}.Debug|Any CPU.Build.0 = Debug|Any CPU
		{A170A94D-1BD4-75A8-7746-BEC64A2B3DAE}.Release|Any CPU.ActiveCfg = Release|Any CPU
		{A170A94D-1BD4-75A8-7746-BEC64A2B3DAE}.Release|Any CPU.Build.0 = Release|Any CPU
		{101EBCC1-2886-853C-1B88-0E3EB7D6DA10}.Debug|Any CPU.ActiveCfg = Debug|Any CPU
		{101EBCC1-2886-853C-1B88-0E3EB7D6DA10}.Debug|Any CPU.Build.0 = Debug|Any CPU
		{101EBCC1-2886-853C-1B88-0E3EB7D6DA10}.Release|Any CPU.ActiveCfg = Release|Any CPU
		{101EBCC1-2886-853C-1B88-0E3EB7D6DA10}.Release|Any CPU.Build.0 = Release|Any CPU
		{B4566084-BB5B-763C-C9CE-5A6C741E69E8}.Debug|Any CPU.ActiveCfg = Debug|Any CPU
		{B4566084-BB5B-763C-C9CE-5A6C741E69E8}.Debug|Any CPU.Build.0 = Debug|Any CPU
		{B4566084-BB5B-763C-C9CE-5A6C741E69E8}.Release|Any CPU.ActiveCfg = Release|Any CPU
		{B4566084-BB5B-763C-C9CE-5A6C741E69E8}.Release|Any CPU.Build.0 = Release|Any CPU
		{EFE404AB-E05B-1554-F3E0-297711A06DCE}.Debug|Any CPU.ActiveCfg = Debug|Any CPU
		{EFE404AB-E05B-1554-F3E0-297711A06DCE}.Debug|Any CPU.Build.0 = Debug|Any CPU
		{EFE404AB-E05B-1554-F3E0-297711A06DCE}.Release|Any CPU.ActiveCfg = Release|Any CPU
		{EFE404AB-E05B-1554-F3E0-297711A06DCE}.Release|Any CPU.Build.0 = Release|Any CPU
		{F96A4363-2B88-E9CF-EE7B-AD40A3ED63FA}.Debug|Any CPU.ActiveCfg = Debug|Any CPU
		{F96A4363-2B88-E9CF-EE7B-AD40A3ED63FA}.Debug|Any CPU.Build.0 = Debug|Any CPU
		{F96A4363-2B88-E9CF-EE7B-AD40A3ED63FA}.Release|Any CPU.ActiveCfg = Release|Any CPU
		{F96A4363-2B88-E9CF-EE7B-AD40A3ED63FA}.Release|Any CPU.Build.0 = Release|Any CPU
		{DBBED059-C46B-F922-753C-E6F9210737BB}.Debug|Any CPU.ActiveCfg = Debug|Any CPU
		{DBBED059-C46B-F922-753C-E6F9210737BB}.Debug|Any CPU.Build.0 = Debug|Any CPU
		{DBBED059-C46B-F922-753C-E6F9210737BB}.Release|Any CPU.ActiveCfg = Release|Any CPU
		{DBBED059-C46B-F922-753C-E6F9210737BB}.Release|Any CPU.Build.0 = Release|Any CPU
		{51040925-20CB-3303-0BE3-C7786659A5D1}.Debug|Any CPU.ActiveCfg = Debug|Any CPU
		{51040925-20CB-3303-0BE3-C7786659A5D1}.Debug|Any CPU.Build.0 = Debug|Any CPU
		{51040925-20CB-3303-0BE3-C7786659A5D1}.Release|Any CPU.ActiveCfg = Release|Any CPU
		{51040925-20CB-3303-0BE3-C7786659A5D1}.Release|Any CPU.Build.0 = Release|Any CPU
		{E4121CF7-E7B1-71A1-DA03-AE147796FD86}.Debug|Any CPU.ActiveCfg = Debug|Any CPU
		{E4121CF7-E7B1-71A1-DA03-AE147796FD86}.Debug|Any CPU.Build.0 = Debug|Any CPU
		{E4121CF7-E7B1-71A1-DA03-AE147796FD86}.Release|Any CPU.ActiveCfg = Release|Any CPU
		{E4121CF7-E7B1-71A1-DA03-AE147796FD86}.Release|Any CPU.Build.0 = Release|Any CPU
		{1FBA3C6E-CC90-5810-A769-4EE1DF8E2430}.Debug|Any CPU.ActiveCfg = Debug|Any CPU
		{1FBA3C6E-CC90-5810-A769-4EE1DF8E2430}.Debug|Any CPU.Build.0 = Debug|Any CPU
		{1FBA3C6E-CC90-5810-A769-4EE1DF8E2430}.Release|Any CPU.ActiveCfg = Release|Any CPU
		{1FBA3C6E-CC90-5810-A769-4EE1DF8E2430}.Release|Any CPU.Build.0 = Release|Any CPU
		{7746B0E1-4C71-BCD7-4AD0-2C18D0C896D2}.Debug|Any CPU.ActiveCfg = Debug|Any CPU
		{7746B0E1-4C71-BCD7-4AD0-2C18D0C896D2}.Debug|Any CPU.Build.0 = Debug|Any CPU
		{7746B0E1-4C71-BCD7-4AD0-2C18D0C896D2}.Release|Any CPU.ActiveCfg = Release|Any CPU
		{7746B0E1-4C71-BCD7-4AD0-2C18D0C896D2}.Release|Any CPU.Build.0 = Release|Any CPU
		{10B648E2-31A0-2891-4B9B-0387B378D2C3}.Debug|Any CPU.ActiveCfg = Debug|Any CPU
		{10B648E2-31A0-2891-4B9B-0387B378D2C3}.Debug|Any CPU.Build.0 = Debug|Any CPU
		{10B648E2-31A0-2891-4B9B-0387B378D2C3}.Release|Any CPU.ActiveCfg = Release|Any CPU
		{10B648E2-31A0-2891-4B9B-0387B378D2C3}.Release|Any CPU.Build.0 = Release|Any CPU
		{F30FEF0C-B9C6-FF7F-10D2-0215F02BB333}.Debug|Any CPU.ActiveCfg = Debug|Any CPU
		{F30FEF0C-B9C6-FF7F-10D2-0215F02BB333}.Debug|Any CPU.Build.0 = Debug|Any CPU
		{F30FEF0C-B9C6-FF7F-10D2-0215F02BB333}.Release|Any CPU.ActiveCfg = Release|Any CPU
		{F30FEF0C-B9C6-FF7F-10D2-0215F02BB333}.Release|Any CPU.Build.0 = Release|Any CPU
		{B634EDB0-3244-7D69-29C1-4883A1D0EB7C}.Debug|Any CPU.ActiveCfg = Debug|Any CPU
		{B634EDB0-3244-7D69-29C1-4883A1D0EB7C}.Debug|Any CPU.Build.0 = Debug|Any CPU
		{B634EDB0-3244-7D69-29C1-4883A1D0EB7C}.Release|Any CPU.ActiveCfg = Release|Any CPU
		{B634EDB0-3244-7D69-29C1-4883A1D0EB7C}.Release|Any CPU.Build.0 = Release|Any CPU
		{8DE5236D-6FE6-F49E-D1DF-139603B63FCC}.Debug|Any CPU.ActiveCfg = Debug|Any CPU
		{8DE5236D-6FE6-F49E-D1DF-139603B63FCC}.Debug|Any CPU.Build.0 = Debug|Any CPU
		{8DE5236D-6FE6-F49E-D1DF-139603B63FCC}.Release|Any CPU.ActiveCfg = Release|Any CPU
		{8DE5236D-6FE6-F49E-D1DF-139603B63FCC}.Release|Any CPU.Build.0 = Release|Any CPU
		{E7F92240-16FC-02F6-F9E7-9D3256D4B4E8}.Debug|Any CPU.ActiveCfg = Debug|Any CPU
		{E7F92240-16FC-02F6-F9E7-9D3256D4B4E8}.Debug|Any CPU.Build.0 = Debug|Any CPU
		{E7F92240-16FC-02F6-F9E7-9D3256D4B4E8}.Release|Any CPU.ActiveCfg = Release|Any CPU
		{E7F92240-16FC-02F6-F9E7-9D3256D4B4E8}.Release|Any CPU.Build.0 = Release|Any CPU
		{BC539C2B-CFD2-8CB1-9A92-06AB1F23A3AE}.Debug|Any CPU.ActiveCfg = Debug|Any CPU
		{BC539C2B-CFD2-8CB1-9A92-06AB1F23A3AE}.Debug|Any CPU.Build.0 = Debug|Any CPU
		{BC539C2B-CFD2-8CB1-9A92-06AB1F23A3AE}.Release|Any CPU.ActiveCfg = Release|Any CPU
		{BC539C2B-CFD2-8CB1-9A92-06AB1F23A3AE}.Release|Any CPU.Build.0 = Release|Any CPU
		{2D98FE70-2B3A-6124-8F93-02B9CA6529C6}.Debug|Any CPU.ActiveCfg = Debug|Any CPU
		{2D98FE70-2B3A-6124-8F93-02B9CA6529C6}.Debug|Any CPU.Build.0 = Debug|Any CPU
		{2D98FE70-2B3A-6124-8F93-02B9CA6529C6}.Release|Any CPU.ActiveCfg = Release|Any CPU
		{2D98FE70-2B3A-6124-8F93-02B9CA6529C6}.Release|Any CPU.Build.0 = Release|Any CPU
		{4FBF7B85-BDCA-1999-2C6B-0226B6AE69CF}.Debug|Any CPU.ActiveCfg = Debug|Any CPU
		{4FBF7B85-BDCA-1999-2C6B-0226B6AE69CF}.Debug|Any CPU.Build.0 = Debug|Any CPU
		{4FBF7B85-BDCA-1999-2C6B-0226B6AE69CF}.Release|Any CPU.ActiveCfg = Release|Any CPU
		{4FBF7B85-BDCA-1999-2C6B-0226B6AE69CF}.Release|Any CPU.Build.0 = Release|Any CPU
		{1CE8DFD2-6E29-635B-BD89-B56E5748C616}.Debug|Any CPU.ActiveCfg = Debug|Any CPU
		{1CE8DFD2-6E29-635B-BD89-B56E5748C616}.Debug|Any CPU.Build.0 = Debug|Any CPU
		{1CE8DFD2-6E29-635B-BD89-B56E5748C616}.Release|Any CPU.ActiveCfg = Release|Any CPU
		{1CE8DFD2-6E29-635B-BD89-B56E5748C616}.Release|Any CPU.Build.0 = Release|Any CPU
		{C125D3B2-AE5D-C762-DE4D-3E7175D4F196}.Debug|Any CPU.ActiveCfg = Debug|Any CPU
		{C125D3B2-AE5D-C762-DE4D-3E7175D4F196}.Debug|Any CPU.Build.0 = Debug|Any CPU
		{C125D3B2-AE5D-C762-DE4D-3E7175D4F196}.Release|Any CPU.ActiveCfg = Release|Any CPU
		{C125D3B2-AE5D-C762-DE4D-3E7175D4F196}.Release|Any CPU.Build.0 = Release|Any CPU
		{6DAB0C45-2A1E-A236-8DAC-CF55BEA7DBC0}.Debug|Any CPU.ActiveCfg = Debug|Any CPU
		{6DAB0C45-2A1E-A236-8DAC-CF55BEA7DBC0}.Debug|Any CPU.Build.0 = Debug|Any CPU
		{6DAB0C45-2A1E-A236-8DAC-CF55BEA7DBC0}.Release|Any CPU.ActiveCfg = Release|Any CPU
		{6DAB0C45-2A1E-A236-8DAC-CF55BEA7DBC0}.Release|Any CPU.Build.0 = Release|Any CPU
		{04E4860B-6674-0927-714F-8D191AAD98A8}.Debug|Any CPU.ActiveCfg = Debug|Any CPU
		{04E4860B-6674-0927-714F-8D191AAD98A8}.Debug|Any CPU.Build.0 = Debug|Any CPU
		{04E4860B-6674-0927-714F-8D191AAD98A8}.Release|Any CPU.ActiveCfg = Release|Any CPU
		{04E4860B-6674-0927-714F-8D191AAD98A8}.Release|Any CPU.Build.0 = Release|Any CPU
		{23EFFC5E-65F4-B3F4-CCAE-FD6E572E9894}.Debug|Any CPU.ActiveCfg = Debug|Any CPU
		{23EFFC5E-65F4-B3F4-CCAE-FD6E572E9894}.Debug|Any CPU.Build.0 = Debug|Any CPU
		{23EFFC5E-65F4-B3F4-CCAE-FD6E572E9894}.Release|Any CPU.ActiveCfg = Release|Any CPU
		{23EFFC5E-65F4-B3F4-CCAE-FD6E572E9894}.Release|Any CPU.Build.0 = Release|Any CPU
		{F4E1E97B-F34C-8EE2-723F-1E53F826FD60}.Debug|Any CPU.ActiveCfg = Debug|Any CPU
		{F4E1E97B-F34C-8EE2-723F-1E53F826FD60}.Debug|Any CPU.Build.0 = Debug|Any CPU
		{F4E1E97B-F34C-8EE2-723F-1E53F826FD60}.Release|Any CPU.ActiveCfg = Release|Any CPU
		{F4E1E97B-F34C-8EE2-723F-1E53F826FD60}.Release|Any CPU.Build.0 = Release|Any CPU
		{24F4B1DE-53CB-273B-DF83-232A626A8B11}.Debug|Any CPU.ActiveCfg = Debug|Any CPU
		{24F4B1DE-53CB-273B-DF83-232A626A8B11}.Debug|Any CPU.Build.0 = Debug|Any CPU
		{24F4B1DE-53CB-273B-DF83-232A626A8B11}.Release|Any CPU.ActiveCfg = Release|Any CPU
		{24F4B1DE-53CB-273B-DF83-232A626A8B11}.Release|Any CPU.Build.0 = Release|Any CPU
		{CB103E57-F0A6-996C-8A3D-9F7EC678C130}.Debug|Any CPU.ActiveCfg = Debug|Any CPU
		{CB103E57-F0A6-996C-8A3D-9F7EC678C130}.Debug|Any CPU.Build.0 = Debug|Any CPU
		{CB103E57-F0A6-996C-8A3D-9F7EC678C130}.Release|Any CPU.ActiveCfg = Release|Any CPU
		{CB103E57-F0A6-996C-8A3D-9F7EC678C130}.Release|Any CPU.Build.0 = Release|Any CPU
		{9391C1E1-1003-D791-764A-F23AE655D3B6}.Debug|Any CPU.ActiveCfg = Debug|Any CPU
		{9391C1E1-1003-D791-764A-F23AE655D3B6}.Debug|Any CPU.Build.0 = Debug|Any CPU
		{9391C1E1-1003-D791-764A-F23AE655D3B6}.Release|Any CPU.ActiveCfg = Release|Any CPU
		{9391C1E1-1003-D791-764A-F23AE655D3B6}.Release|Any CPU.Build.0 = Release|Any CPU
		{D47EF1A1-30E3-18FC-D1CA-55CB9CEC94B8}.Debug|Any CPU.ActiveCfg = Debug|Any CPU
		{D47EF1A1-30E3-18FC-D1CA-55CB9CEC94B8}.Debug|Any CPU.Build.0 = Debug|Any CPU
		{D47EF1A1-30E3-18FC-D1CA-55CB9CEC94B8}.Release|Any CPU.ActiveCfg = Release|Any CPU
		{D47EF1A1-30E3-18FC-D1CA-55CB9CEC94B8}.Release|Any CPU.Build.0 = Release|Any CPU
		{A6B5E277-3613-8660-6DB0-5F8C5DE065E4}.Debug|Any CPU.ActiveCfg = Debug|Any CPU
		{A6B5E277-3613-8660-6DB0-5F8C5DE065E4}.Debug|Any CPU.Build.0 = Debug|Any CPU
		{A6B5E277-3613-8660-6DB0-5F8C5DE065E4}.Release|Any CPU.ActiveCfg = Release|Any CPU
		{A6B5E277-3613-8660-6DB0-5F8C5DE065E4}.Release|Any CPU.Build.0 = Release|Any CPU
		{E99A8867-8366-3E62-8C24-C5A6A6282490}.Debug|Any CPU.ActiveCfg = Debug|Any CPU
		{E99A8867-8366-3E62-8C24-C5A6A6282490}.Debug|Any CPU.Build.0 = Debug|Any CPU
		{E99A8867-8366-3E62-8C24-C5A6A6282490}.Release|Any CPU.ActiveCfg = Release|Any CPU
		{E99A8867-8366-3E62-8C24-C5A6A6282490}.Release|Any CPU.Build.0 = Release|Any CPU
	EndGlobalSection
	GlobalSection(SolutionProperties) = preSolution
		HideSolutionNode = FALSE
	EndGlobalSection
EndGlobal
