
Microsoft Visual Studio Solution File, Format Version 12.00
# Visual Studio 15
Project("{FAE04EC0-301F-11D3-BF4B-00C04F79EFBC}") = "Unity.Timeline", "Unity.Timeline.csproj", "{4F248A8E-E42A-D299-ABA1-A59CD37A8322}"
EndProject
Project("{FAE04EC0-301F-11D3-BF4B-00C04F79EFBC}") = "Unity.RenderPipelines.GPUDriven.Runtime", "Unity.RenderPipelines.GPUDriven.Runtime.csproj", "{8AE16C65-8CB2-0F10-C167-C7B533AABD66}"
EndProject
Project("{FAE04EC0-301F-11D3-BF4B-00C04F79EFBC}") = "Unity.2D.Aseprite.Editor", "Unity.2D.Aseprite.Editor.csproj", "{A31D73C5-F679-2FF4-BDA3-87247507EB80}"
EndProject
Project("{FAE04EC0-301F-11D3-BF4B-00C04F79EFBC}") = "Unity.ShaderGraph.Editor", "Unity.ShaderGraph.Editor.csproj", "{A41AE3AE-46FE-7949-90AE-060AF7C2706B}"
EndProject
Project("{FAE04EC0-301F-11D3-BF4B-00C04F79EFBC}") = "Unity.PlasticSCM.Editor", "Unity.PlasticSCM.Editor.csproj", "{9C178AA4-4876-10F0-389E-2082A242B9B2}"
EndProject
Project("{FAE04EC0-301F-11D3-BF4B-00C04F79EFBC}") = "Unity.RenderPipelines.Core.Runtime", "Unity.RenderPipelines.Core.Runtime.csproj", "{4B6313D0-8EF8-25E7-05D1-0BABA61B40FA}"
EndProject
Project("{FAE04EC0-301F-11D3-BF4B-00C04F79EFBC}") = "Unity.Mathematics", "Unity.Mathematics.csproj", "{BCE4A6D0-3E13-4BB5-E6A1-5692E4D07CB4}"
EndProject
Project("{FAE04EC0-301F-11D3-BF4B-00C04F79EFBC}") = "Unity.Timeline.Editor", "Unity.Timeline.Editor.csproj", "{AF6BC72C-6747-9B6B-D5FE-3C2E62A88BF7}"
EndProject
Project("{FAE04EC0-301F-11D3-BF4B-00C04F79EFBC}") = "Unity.Multiplayer.Center.Editor", "Unity.Multiplayer.Center.Editor.csproj", "{58A529A5-8E6E-EB44-6201-F0B9FA10EC7C}"
EndProject
Project("{FAE04EC0-301F-11D3-BF4B-00C04F79EFBC}") = "Unity.RenderPipelines.Core.Editor", "Unity.RenderPipelines.Core.Editor.csproj", "{8067E024-E1FC-44F0-5C00-12986E6B2D89}"
EndProject
Project("{FAE04EC0-301F-11D3-BF4B-00C04F79EFBC}") = "Unity.Collections", "Unity.Collections.csproj", "{C3D3CF50-8E27-A431-83B1-50948E2FA7BD}"
EndProject
Project("{FAE04EC0-301F-11D3-BF4B-00C04F79EFBC}") = "UnityEngine.UI", "UnityEngine.UI.csproj", "{E29A011D-C252-07DA-7845-B5FB335C6821}"
EndProject
Project("{FAE04EC0-301F-11D3-BF4B-00C04F79EFBC}") = "Unity.2D.IK.Runtime", "Unity.2D.IK.Runtime.csproj", "{79712C96-80C4-156C-1BB8-F71D8D306E69}"
EndProject
Project("{FAE04EC0-301F-11D3-BF4B-00C04F79EFBC}") = "Unity.RenderPipelines.Universal.2D.Runtime", "Unity.RenderPipelines.Universal.2D.Runtime.csproj", "{2ED0A873-7307-B84A-9140-102CA2091591}"
EndProject
Project("{FAE04EC0-301F-11D3-BF4B-00C04F79EFBC}") = "Unity.2D.Psdimporter.Editor", "Unity.2D.Psdimporter.Editor.csproj", "{972A93B2-5093-4C08-DB3C-15D1838CD4EB}"
EndProject
Project("{FAE04EC0-301F-11D3-BF4B-00C04F79EFBC}") = "Unity.VisualScripting.Core.Editor", "Unity.VisualScripting.Core.Editor.csproj", "{088BF992-EB78-3BBA-0963-ACD8D782797C}"
EndProject
Project("{FAE04EC0-301F-11D3-BF4B-00C04F79EFBC}") = "Unity.RenderPipelines.Universal.Editor", "Unity.RenderPipelines.Universal.Editor.csproj", "{29570698-9FFF-44C5-61A1-334940642D3A}"
EndProject
Project("{FAE04EC0-301F-11D3-BF4B-00C04F79EFBC}") = "Unity.PerformanceTesting.Editor", "Unity.PerformanceTesting.Editor.csproj", "{76AC18D5-5578-613C-241A-928706F2CC9D}"
EndProject
Project("{FAE04EC0-301F-11D3-BF4B-00C04F79EFBC}") = "UnityEngine.TestRunner", "UnityEngine.TestRunner.csproj", "{3F0906E5-41D4-EFCE-E553-CBFE5CFC6A4D}"
EndProject
Project("{FAE04EC0-301F-11D3-BF4B-00C04F79EFBC}") = "Unity.2D.Tilemap.Editor", "Unity.2D.Tilemap.Editor.csproj", "{DC2AF5A2-AF2C-EF0D-9C12-492B0ED9CCC4}"
EndProject
Project("{FAE04EC0-301F-11D3-BF4B-00C04F79EFBC}") = "Unity.Burst", "Unity.Burst.csproj", "{9B9DA8AC-8F53-A031-C1D1-E6DEB54E4714}"
EndProject
Project("{FAE04EC0-301F-11D3-BF4B-00C04F79EFBC}") = "Unity.VisualScripting.Flow.Editor", "Unity.VisualScripting.Flow.Editor.csproj", "{28E39FA9-FB5B-BCB6-1452-DB4E9A2B7CFD}"
EndProject
Project("{FAE04EC0-301F-11D3-BF4B-00C04F79EFBC}") = "Unity.2D.SpriteShape.Editor", "Unity.2D.SpriteShape.Editor.csproj", "{DC05B202-9C22-FC85-B8C5-9ABB1EEB8566}"
EndProject
Project("{FAE04EC0-301F-11D3-BF4B-00C04F79EFBC}") = "Unity.VisualStudio.Editor", "Unity.VisualStudio.Editor.csproj", "{027B84DA-2B91-F0B1-F264-0829E7110D68}"
EndProject
Project("{FAE04EC0-301F-11D3-BF4B-00C04F79EFBC}") = "Unity.InputSystem", "Unity.InputSystem.csproj", "{68079E39-0438-E117-4059-E1E1026C9DF7}"
EndProject
Project("{FAE04EC0-301F-11D3-BF4B-00C04F79EFBC}") = "PPv2URPConverters", "PPv2URPConverters.csproj", "{D19027D2-5F8F-77CF-E172-E1D02392DE7C}"
EndProject
Project("{FAE04EC0-301F-11D3-BF4B-00C04F79EFBC}") = "Unity.2D.Animation.Editor", "Unity.2D.Animation.Editor.csproj", "{C287E733-FDF6-ECEC-21D7-B245C65EAEDB}"
EndProject
Project("{FAE04EC0-301F-11D3-BF4B-00C04F79EFBC}") = "Unity.Searcher.Editor", "Unity.Searcher.Editor.csproj", "{C7F115DB-822B-F85A-CAEA-F63B84458652}"
EndProject
Project("{FAE04EC0-301F-11D3-BF4B-00C04F79EFBC}") = "Unity.2D.SpriteShape.Runtime", "Unity.2D.SpriteShape.Runtime.csproj", "{49540589-1F38-D2A8-0839-8FEFD9D7A952}"
EndProject
Project("{FAE04EC0-301F-11D3-BF4B-00C04F79EFBC}") = "UnityEditor.TestRunner", "UnityEditor.TestRunner.csproj", "{74540565-30E9-6F2A-0E20-367F5E447542}"
EndProject
Project("{FAE04EC0-301F-11D3-BF4B-00C04F79EFBC}") = "Unity.VisualScripting.Core", "Unity.VisualScripting.Core.csproj", "{2C13DAF3-6BF8-3A8A-AB84-EE93872C6528}"
EndProject
Project("{FAE04EC0-301F-11D3-BF4B-00C04F79EFBC}") = "Unity.RenderPipelines.Universal.Runtime", "Unity.RenderPipelines.Universal.Runtime.csproj", "{BED8E404-9FD6-F0CD-80D3-E185F124A14A}"
EndProject
Project("{FAE04EC0-301F-11D3-BF4B-00C04F79EFBC}") = "Unity.VisualScripting.State.Editor", "Unity.VisualScripting.State.Editor.csproj", "{C8FE561C-E32A-9168-67F1-FD74BFAA900B}"
EndProject
Project("{FAE04EC0-301F-11D3-BF4B-00C04F79EFBC}") = "Unity.Burst.CodeGen", "Unity.Burst.CodeGen.csproj", "{6C036225-A4DF-DD90-D500-CA51532FFB8F}"
EndProject
Project("{FAE04EC0-301F-11D3-BF4B-00C04F79EFBC}") = "Unity.VisualScripting.Flow", "Unity.VisualScripting.Flow.csproj", "{7F24A5FA-C4E5-FF63-15D1-AA46BED7CD67}"
EndProject
Project("{FAE04EC0-301F-11D3-BF4B-00C04F79EFBC}") = "Unity.PerformanceTesting", "Unity.PerformanceTesting.csproj", "{9C0C1A5C-AB27-5254-94F7-BAE60B7F59B5}"
EndProject
Project("{FAE04EC0-301F-11D3-BF4B-00C04F79EFBC}") = "Unity.2D.Tilemap.Extras.Editor", "Unity.2D.Tilemap.Extras.Editor.csproj", "{DE013B78-5B07-4AA6-8286-732D88AF51E7}"
EndProject
Project("{FAE04EC0-301F-11D3-BF4B-00C04F79EFBC}") = "Unity.TextMeshPro", "Unity.TextMeshPro.csproj", "{C69C85E1-9E7D-B06F-E2D6-FFA0EA7AD4F4}"
EndProject
Project("{FAE04EC0-301F-11D3-BF4B-00C04F79EFBC}") = "Unity.TextMeshPro.Editor", "Unity.TextMeshPro.Editor.csproj", "{594B417A-C2D9-37B9-EB41-CEABAE0C9461}"
EndProject
Project("{FAE04EC0-301F-11D3-BF4B-00C04F79EFBC}") = "Unity.Rendering.LightTransport.Runtime", "Unity.Rendering.LightTransport.Runtime.csproj", "{105E64C6-FF14-43AF-3857-4F2103956977}"
EndProject
Project("{FAE04EC0-301F-11D3-BF4B-00C04F79EFBC}") = "PsdPlugin", "PsdPlugin.csproj", "{F02A56E7-5629-A3AE-0167-16CA2774F5B9}"
EndProject
Project("{FAE04EC0-301F-11D3-BF4B-00C04F79EFBC}") = "Unity.2D.IK.Editor", "Unity.2D.IK.Editor.csproj", "{C7B2D9A8-0864-7844-5F9B-E07DB9CFA469}"
EndProject
Project("{FAE04EC0-301F-11D3-BF4B-00C04F79EFBC}") = "Unity.InternalAPIEngineBridge.001", "Unity.InternalAPIEngineBridge.001.csproj", "{244E2E5F-EA23-E963-5C21-CA978F377CDD}"
EndProject
Project("{FAE04EC0-301F-11D3-BF4B-00C04F79EFBC}") = "Unity.2D.Aseprite.Common", "Unity.2D.Aseprite.Common.csproj", "{193846A3-1BE1-5AC8-3C31-098899CC58F7}"
EndProject
Project("{FAE04EC0-301F-11D3-BF4B-00C04F79EFBC}") = "Unity.Burst.Editor", "Unity.Burst.Editor.csproj", "{C41BBB2D-FF79-3015-C65E-22A3965E613D}"
EndProject
Project("{FAE04EC0-301F-11D3-BF4B-00C04F79EFBC}") = "Unity.2D.Common.Path.Editor", "Unity.2D.Common.Path.Editor.csproj", "{FCDE211C-C11F-171E-4A6F-602D6269169A}"
EndProject
Project("{FAE04EC0-301F-11D3-BF4B-00C04F79EFBC}") = "Unity.2D.Common.Editor", "Unity.2D.Common.Editor.csproj", "{BF462E35-4CF6-2A01-36B3-684ACBED1A4B}"
EndProject
Project("{FAE04EC0-301F-11D3-BF4B-00C04F79EFBC}") = "Unity.Rider.Editor", "Unity.Rider.Editor.csproj", "{8C5CC09F-E00F-A8D1-8AA2-0309A9D9ED9C}"
EndProject
Project("{FAE04EC0-301F-11D3-BF4B-00C04F79EFBC}") = "Unity.VisualScripting.State", "Unity.VisualScripting.State.csproj", "{4B469CEB-1BD4-3CB6-E26C-D0F35E4F364C}"
EndProject
Project("{FAE04EC0-301F-11D3-BF4B-00C04F79EFBC}") = "Unity.InternalAPIEditorBridge.001", "Unity.InternalAPIEditorBridge.001.csproj", "{B2A223B6-FEA5-8FA2-6ED3-A1A2561CC1BD}"
EndProject
Project("{FAE04EC0-301F-11D3-BF4B-00C04F79EFBC}") = "UnityEditor.UI", "UnityEditor.UI.csproj", "{3E33201D-EC01-CCF4-7821-4DD3041D44EB}"
EndProject
Project("{FAE04EC0-301F-11D3-BF4B-00C04F79EFBC}") = "Unity.2D.PixelPerfect.Editor", "Unity.2D.PixelPerfect.Editor.csproj", "{863A5105-B030-7625-8C1A-2874F6E29488}"
EndProject
Project("{FAE04EC0-301F-11D3-BF4B-00C04F79EFBC}") = "Assembly-CSharp", "Assembly-CSharp.csproj", "{282AC73A-5326-C391-EA15-FD09C5BF5DD4}"
EndProject
Project("{FAE04EC0-301F-11D3-BF4B-00C04F79EFBC}") = "Unity.2D.Sprite.Editor", "Unity.2D.Sprite.Editor.csproj", "{B91A46F5-BCA3-482A-8E10-7CEA499FF086}"
EndProject
Project("{FAE04EC0-301F-11D3-BF4B-00C04F79EFBC}") = "Unity.Multiplayer.Center.Common", "Unity.Multiplayer.Center.Common.csproj", "{7A87E2C0-D6A9-EBF1-ABD9-D61077D6A41C}"
EndProject
Project("{FAE04EC0-301F-11D3-BF4B-00C04F79EFBC}") = "Assembly-CSharp-firstpass", "Assembly-CSharp-firstpass.csproj", "{8AB702FE-B2C0-D1E3-29A9-9F99586EDBC1}"
EndProject
Project("{FAE04EC0-301F-11D3-BF4B-00C04F79EFBC}") = "Unity.InputSystem.ForUI", "Unity.InputSystem.ForUI.csproj", "{36DEE47D-C0B7-0974-9826-CC53C7E10711}"
EndProject
Project("{FAE04EC0-301F-11D3-BF4B-00C04F79EFBC}") = "Unity.Collections.CodeGen", "Unity.Collections.CodeGen.csproj", "{3AE0488C-3FFF-7C2D-492D-C6D6573927B4}"
EndProject
Project("{FAE04EC0-301F-11D3-BF4B-00C04F79EFBC}") = "Unity.2D.Tilemap.Extras", "Unity.2D.Tilemap.Extras.csproj", "{A345C3FC-1C1D-04C6-96E8-914F4DACCDA3}"
EndProject
Project("{FAE04EC0-301F-11D3-BF4B-00C04F79EFBC}") = "Unity.2D.Animation.Runtime", "Unity.2D.Animation.Runtime.csproj", "{2C1816DF-41B4-8A3C-84AF-E7256E431514}"
EndProject
Project("{FAE04EC0-301F-11D3-BF4B-00C04F79EFBC}") = "Unity.Mathematics.Editor", "Unity.Mathematics.Editor.csproj", "{5B22E0ED-DF36-3641-B43D-BDA81B9DB1A5}"
EndProject
Project("{FAE04EC0-301F-11D3-BF4B-00C04F79EFBC}") = "Unity.VisualScripting.SettingsProvider.Editor", "Unity.VisualScripting.SettingsProvider.Editor.csproj", "{094E4EE5-F9AA-CD73-A515-937EADD05C8E}"
EndProject
Project("{FAE04EC0-301F-11D3-BF4B-00C04F79EFBC}") = "Unity.InputSystem.TestFramework", "Unity.InputSystem.TestFramework.csproj", "{20D9736D-81A5-E6B5-B25E-A28C5B3D0E0A}"
EndProject
Project("{FAE04EC0-301F-11D3-BF4B-00C04F79EFBC}") = "Unity.ShaderGraph.Utilities", "Unity.ShaderGraph.Utilities.csproj", "{DD5C7FA7-F23E-6423-478A-F89EE6ED20FB}"
EndProject
Project("{FAE04EC0-301F-11D3-BF4B-00C04F79EFBC}") = "Unity.VisualScripting.Shared.Editor", "Unity.VisualScripting.Shared.Editor.csproj", "{D90C9C65-F78A-7C9F-3868-C8AD6DB530E4}"
EndProject
Project("{FAE04EC0-301F-11D3-BF4B-00C04F79EFBC}") = "Unity.RenderPipeline.Universal.ShaderLibrary", "Unity.RenderPipeline.Universal.ShaderLibrary.csproj", "{FA32B595-E9D9-90AE-E812-C375F9A03B65}"
EndProject
Project("{FAE04EC0-301F-11D3-BF4B-00C04F79EFBC}") = "Unity.2D.Common.Runtime", "Unity.2D.Common.Runtime.csproj", "{41397E22-2D00-D2D2-846E-4D00FD289269}"
EndProject
Project("{FAE04EC0-301F-11D3-BF4B-00C04F79EFBC}") = "Unity.2D.PixelPerfect", "Unity.2D.PixelPerfect.csproj", "{4918B42E-AA4A-0A65-5CA3-BCB0A5670BED}"
EndProject
Project("{FAE04EC0-301F-11D3-BF4B-00C04F79EFBC}") = "Unity.CollabProxy.Editor", "Unity.CollabProxy.Editor.csproj", "{F2DCF544-BD1A-D65C-B01C-70C036332494}"
EndProject
Project("{FAE04EC0-301F-11D3-BF4B-00C04F79EFBC}") = "Unity.Rendering.LightTransport.Editor", "Unity.Rendering.LightTransport.Editor.csproj", "{DA0BDFED-1833-53B4-F26D-48972E977219}"
EndProject
Project("{FAE04EC0-301F-11D3-BF4B-00C04F79EFBC}") = "Unity.RenderPipelines.Universal.Shaders", "Unity.RenderPipelines.Universal.Shaders.csproj", "{C2FC4B14-E9E9-609D-0BA1-DC8F96F9B179}"
EndProject
Project("{FAE04EC0-301F-11D3-BF4B-00C04F79EFBC}") = "Unity.RenderPipelines.Core.Runtime.Shared", "Unity.RenderPipelines.Core.Runtime.Shared.csproj", "{0E29AC66-250A-CEC4-895F-13C9BF34FB52}"
EndProject
Project("{FAE04EC0-301F-11D3-BF4B-00C04F79EFBC}") = "ScriptablePacker", "ScriptablePacker.csproj", "{D6AE9ECC-1EE1-A3C0-95DA-818B9A63D666}"
EndProject
Project("{FAE04EC0-301F-11D3-BF4B-00C04F79EFBC}") = "Unity.Collections.Editor", "Unity.Collections.Editor.csproj", "{2F273165-8E8F-26D0-ACED-A7CE485840C0}"
EndProject
Project("{FAE04EC0-301F-11D3-BF4B-00C04F79EFBC}") = "Unity.RenderPipelines.Universal.Config.Runtime", "Unity.RenderPipelines.Universal.Config.Runtime.csproj", "{6714DDC5-B23E-4D32-D744-588673CC0C8F}"
EndProject
Project("{FAE04EC0-301F-11D3-BF4B-00C04F79EFBC}") = "Unity.RenderPipelines.ShaderGraph.ShaderGraphLibrary", "Unity.RenderPipelines.ShaderGraph.ShaderGraphLibrary.csproj", "{70276900-D196-CE0A-A1F9-25126F0B90EB}"
EndProject
Project("{FAE04EC0-301F-11D3-BF4B-00C04F79EFBC}") = "Unity.RenderPipelines.Core.ShaderLibrary", "Unity.RenderPipelines.Core.ShaderLibrary.csproj", "{4F37DF35-AAFC-F48C-7CC5-80E972B99768}"
EndProject
Project("{FAE04EC0-301F-11D3-BF4B-00C04F79EFBC}") = "Unity.RenderPipelines.Core.Editor.Shared", "Unity.RenderPipelines.Core.Editor.Shared.csproj", "{2D8B13DC-F1F2-4261-DF3A-7B37BBD30CDB}"
EndProject
Project("{FAE04EC0-301F-11D3-BF4B-00C04F79EFBC}") = "Unity.Timeline", "Unity.Timeline.Player.csproj", "{7634DA4C-345A-84BC-455A-9A3E10AAE549}"
EndProject
Project("{FAE04EC0-301F-11D3-BF4B-00C04F79EFBC}") = "Unity.RenderPipelines.GPUDriven.Runtime", "Unity.RenderPipelines.GPUDriven.Runtime.Player.csproj", "{E986FDF4-9705-A82B-364D-DD567A489219}"
EndProject
Project("{FAE04EC0-301F-11D3-BF4B-00C04F79EFBC}") = "Unity.RenderPipelines.Core.Runtime", "Unity.RenderPipelines.Core.Runtime.Player.csproj", "{A77C65D0-9852-9F69-FA41-5CB774FB6AD3}"
EndProject
Project("{FAE04EC0-301F-11D3-BF4B-00C04F79EFBC}") = "Unity.Mathematics", "Unity.Mathematics.Player.csproj", "{D5A79016-0931-4E0D-C256-5257140B669D}"
EndProject
Project("{FAE04EC0-301F-11D3-BF4B-00C04F79EFBC}") = "Unity.Collections", "Unity.Collections.Player.csproj", "{F2109746-C5B3-7519-D436-7246B009F798}"
EndProject
Project("{FAE04EC0-301F-11D3-BF4B-00C04F79EFBC}") = "UnityEngine.UI", "UnityEngine.UI.Player.csproj", "{FD47E8A0-41C8-8402-9B90-B8DD8D1C059C}"
EndProject
Project("{FAE04EC0-301F-11D3-BF4B-00C04F79EFBC}") = "Unity.2D.IK.Runtime", "Unity.2D.IK.Runtime.Player.csproj", "{060A5399-4A81-A095-5753-8799A61097D3}"
EndProject
Project("{FAE04EC0-301F-11D3-BF4B-00C04F79EFBC}") = "Unity.RenderPipelines.Universal.2D.Runtime", "Unity.RenderPipelines.Universal.2D.Runtime.Player.csproj", "{873EB2B2-78AB-6C6B-749E-53CF9F050EA9}"
EndProject
Project("{FAE04EC0-301F-11D3-BF4B-00C04F79EFBC}") = "UnityEngine.TestRunner", "UnityEngine.TestRunner.Player.csproj", "{919DCF69-CDF6-E714-346C-0B95CF12489F}"
EndProject
Project("{FAE04EC0-301F-11D3-BF4B-00C04F79EFBC}") = "Unity.Burst", "Unity.Burst.Player.csproj", "{8FC7BB4C-12C8-5DE2-F76A-71680147087B}"
EndProject
Project("{FAE04EC0-301F-11D3-BF4B-00C04F79EFBC}") = "Unity.InputSystem", "Unity.InputSystem.Player.csproj", "{546A8BF9-48F1-BDA1-D9E8-4233F8796D51}"
EndProject
Project("{FAE04EC0-301F-11D3-BF4B-00C04F79EFBC}") = "Unity.2D.SpriteShape.Runtime", "Unity.2D.SpriteShape.Runtime.Player.csproj", "{9DD9035B-BDE2-4C54-B569-F1DB0A38BF54}"
EndProject
Project("{FAE04EC0-301F-11D3-BF4B-00C04F79EFBC}") = "Unity.VisualScripting.Core", "Unity.VisualScripting.Core.Player.csproj", "{C0C7B065-BD03-80FA-EF04-B4C7834A4E5D}"
EndProject
Project("{FAE04EC0-301F-11D3-BF4B-00C04F79EFBC}") = "Unity.RenderPipelines.Universal.Runtime", "Unity.RenderPipelines.Universal.Runtime.Player.csproj", "{4568B432-4832-22CE-3930-715206C1075D}"
EndProject
Project("{FAE04EC0-301F-11D3-BF4B-00C04F79EFBC}") = "Unity.VisualScripting.Flow", "Unity.VisualScripting.Flow.Player.csproj", "{A5BA84BF-B718-4B62-3F85-7C50E631355D}"
EndProject
Project("{FAE04EC0-301F-11D3-BF4B-00C04F79EFBC}") = "Unity.PerformanceTesting", "Unity.PerformanceTesting.Player.csproj", "{C3FC3F41-DBA7-3FEE-3C8D-D51CD58E3597}"
EndProject
Project("{FAE04EC0-301F-11D3-BF4B-00C04F79EFBC}") = "Unity.TextMeshPro", "Unity.TextMeshPro.Player.csproj", "{41156437-AE3F-18A6-B853-9A830EE83FB2}"
EndProject
Project("{FAE04EC0-301F-11D3-BF4B-00C04F79EFBC}") = "Unity.Rendering.LightTransport.Runtime", "Unity.Rendering.LightTransport.Runtime.Player.csproj", "{57C702E7-0046-6574-D7DE-D820BB98CB61}"
EndProject
Project("{FAE04EC0-301F-11D3-BF4B-00C04F79EFBC}") = "Unity.InternalAPIEngineBridge.001", "Unity.InternalAPIEngineBridge.001.Player.csproj", "{AA15BF9F-5AEE-B382-D48A-96F5909F1014}"
EndProject
Project("{FAE04EC0-301F-11D3-BF4B-00C04F79EFBC}") = "Unity.VisualScripting.State", "Unity.VisualScripting.State.Player.csproj", "{447C7667-1850-689D-2DC1-0F49BE0332A1}"
EndProject
Project("{FAE04EC0-301F-11D3-BF4B-00C04F79EFBC}") = "Assembly-CSharp", "Assembly-CSharp.Player.csproj", "{8A0E67F6-45F8-F59E-47DA-68DB04E5ED44}"
EndProject
Project("{FAE04EC0-301F-11D3-BF4B-00C04F79EFBC}") = "Unity.Multiplayer.Center.Common", "Unity.Multiplayer.Center.Common.Player.csproj", "{4452B45F-2738-4820-1CA0-6DE069DC0684}"
EndProject
Project("{FAE04EC0-301F-11D3-BF4B-00C04F79EFBC}") = "Assembly-CSharp-firstpass", "Assembly-CSharp-firstpass.Player.csproj", "{33109221-AB9E-D882-1191-A5354685F9DB}"
EndProject
Project("{FAE04EC0-301F-11D3-BF4B-00C04F79EFBC}") = "Unity.InputSystem.ForUI", "Unity.InputSystem.ForUI.Player.csproj", "{D29BC426-A712-2A32-06C8-6569406A6FCD}"
EndProject
Project("{FAE04EC0-301F-11D3-BF4B-00C04F79EFBC}") = "Unity.2D.Tilemap.Extras", "Unity.2D.Tilemap.Extras.Player.csproj", "{B66C5006-205C-7D91-3155-B02890E265C2}"
EndProject
Project("{FAE04EC0-301F-11D3-BF4B-00C04F79EFBC}") = "Unity.2D.Animation.Runtime", "Unity.2D.Animation.Runtime.Player.csproj", "{2888CFD3-0430-4393-CE12-FD496CD6C61D}"
EndProject
Project("{FAE04EC0-301F-11D3-BF4B-00C04F79EFBC}") = "Unity.InputSystem.TestFramework", "Unity.InputSystem.TestFramework.Player.csproj", "{A51760E8-7721-F1AB-D65C-AD04E665B878}"
EndProject
Project("{FAE04EC0-301F-11D3-BF4B-00C04F79EFBC}") = "Unity.RenderPipeline.Universal.ShaderLibrary", "Unity.RenderPipeline.Universal.ShaderLibrary.Player.csproj", "{D0F3BAAC-117C-2F07-598F-75F838E96721}"
EndProject
Project("{FAE04EC0-301F-11D3-BF4B-00C04F79EFBC}") = "Unity.2D.Common.Runtime", "Unity.2D.Common.Runtime.Player.csproj", "{8386FBE9-93C7-62A7-0F64-D533D3E29F76}"
EndProject
Project("{FAE04EC0-301F-11D3-BF4B-00C04F79EFBC}") = "Unity.2D.PixelPerfect", "Unity.2D.PixelPerfect.Player.csproj", "{24CEA5EC-1CE1-5E80-BCB1-3F0E3A7E3CD7}"
EndProject
Project("{FAE04EC0-301F-11D3-BF4B-00C04F79EFBC}") = "Unity.RenderPipelines.Universal.Shaders", "Unity.RenderPipelines.Universal.Shaders.Player.csproj", "{EEC0256E-D90C-602B-8FF0-A2E4C097D6F9}"
EndProject
Project("{FAE04EC0-301F-11D3-BF4B-00C04F79EFBC}") = "Unity.RenderPipelines.Core.Runtime.Shared", "Unity.RenderPipelines.Core.Runtime.Shared.Player.csproj", "{4028537E-91EF-9290-6A18-78061FE2E32D}"
EndProject
Project("{FAE04EC0-301F-11D3-BF4B-00C04F79EFBC}") = "Unity.RenderPipelines.Universal.Config.Runtime", "Unity.RenderPipelines.Universal.Config.Runtime.Player.csproj", "{5C88066F-9278-7248-9AFF-310EC15EB4D3}"
EndProject
Project("{FAE04EC0-301F-11D3-BF4B-00C04F79EFBC}") = "Unity.RenderPipelines.ShaderGraph.ShaderGraphLibrary", "Unity.RenderPipelines.ShaderGraph.ShaderGraphLibrary.Player.csproj", "{FD804C49-3A1E-6663-D839-B3DA3BE9694A}"
EndProject
Project("{FAE04EC0-301F-11D3-BF4B-00C04F79EFBC}") = "Unity.RenderPipelines.Core.ShaderLibrary", "Unity.RenderPipelines.Core.ShaderLibrary.Player.csproj", "{90CB208B-E0D4-FE3E-499B-EB1FAAEE42C6}"
EndProject
Global
	GlobalSection(SolutionConfigurationPlatforms) = preSolution
		Debug|Any CPU = Debug|Any CPU
		Release|Any CPU = Release|Any CPU
	EndGlobalSection
	GlobalSection(ProjectConfigurationPlatforms) = postSolution
		{4F248A8E-E42A-D299-ABA1-A59CD37A8322}.Debug|Any CPU.ActiveCfg = Debug|Any CPU
		{4F248A8E-E42A-D299-ABA1-A59CD37A8322}.Debug|Any CPU.Build.0 = Debug|Any CPU
		{4F248A8E-E42A-D299-ABA1-A59CD37A8322}.Release|Any CPU.ActiveCfg = Release|Any CPU
		{4F248A8E-E42A-D299-ABA1-A59CD37A8322}.Release|Any CPU.Build.0 = Release|Any CPU
		{8AE16C65-8CB2-0F10-C167-C7B533AABD66}.Debug|Any CPU.ActiveCfg = Debug|Any CPU
		{8AE16C65-8CB2-0F10-C167-C7B533AABD66}.Debug|Any CPU.Build.0 = Debug|Any CPU
		{8AE16C65-8CB2-0F10-C167-C7B533AABD66}.Release|Any CPU.ActiveCfg = Release|Any CPU
		{8AE16C65-8CB2-0F10-C167-C7B533AABD66}.Release|Any CPU.Build.0 = Release|Any CPU
		{A31D73C5-F679-2FF4-BDA3-87247507EB80}.Debug|Any CPU.ActiveCfg = Debug|Any CPU
		{A31D73C5-F679-2FF4-BDA3-87247507EB80}.Debug|Any CPU.Build.0 = Debug|Any CPU
		{A31D73C5-F679-2FF4-BDA3-87247507EB80}.Release|Any CPU.ActiveCfg = Release|Any CPU
		{A31D73C5-F679-2FF4-BDA3-87247507EB80}.Release|Any CPU.Build.0 = Release|Any CPU
		{A41AE3AE-46FE-7949-90AE-060AF7C2706B}.Debug|Any CPU.ActiveCfg = Debug|Any CPU
		{A41AE3AE-46FE-7949-90AE-060AF7C2706B}.Debug|Any CPU.Build.0 = Debug|Any CPU
		{A41AE3AE-46FE-7949-90AE-060AF7C2706B}.Release|Any CPU.ActiveCfg = Release|Any CPU
		{A41AE3AE-46FE-7949-90AE-060AF7C2706B}.Release|Any CPU.Build.0 = Release|Any CPU
		{9C178AA4-4876-10F0-389E-2082A242B9B2}.Debug|Any CPU.ActiveCfg = Debug|Any CPU
		{9C178AA4-4876-10F0-389E-2082A242B9B2}.Debug|Any CPU.Build.0 = Debug|Any CPU
		{9C178AA4-4876-10F0-389E-2082A242B9B2}.Release|Any CPU.ActiveCfg = Release|Any CPU
		{9C178AA4-4876-10F0-389E-2082A242B9B2}.Release|Any CPU.Build.0 = Release|Any CPU
		{4B6313D0-8EF8-25E7-05D1-0BABA61B40FA}.Debug|Any CPU.ActiveCfg = Debug|Any CPU
		{4B6313D0-8EF8-25E7-05D1-0BABA61B40FA}.Debug|Any CPU.Build.0 = Debug|Any CPU
		{4B6313D0-8EF8-25E7-05D1-0BABA61B40FA}.Release|Any CPU.ActiveCfg = Release|Any CPU
		{4B6313D0-8EF8-25E7-05D1-0BABA61B40FA}.Release|Any CPU.Build.0 = Release|Any CPU
		{BCE4A6D0-3E13-4BB5-E6A1-5692E4D07CB4}.Debug|Any CPU.ActiveCfg = Debug|Any CPU
		{BCE4A6D0-3E13-4BB5-E6A1-5692E4D07CB4}.Debug|Any CPU.Build.0 = Debug|Any CPU
		{BCE4A6D0-3E13-4BB5-E6A1-5692E4D07CB4}.Release|Any CPU.ActiveCfg = Release|Any CPU
		{BCE4A6D0-3E13-4BB5-E6A1-5692E4D07CB4}.Release|Any CPU.Build.0 = Release|Any CPU
		{AF6BC72C-6747-9B6B-D5FE-3C2E62A88BF7}.Debug|Any CPU.ActiveCfg = Debug|Any CPU
		{AF6BC72C-6747-9B6B-D5FE-3C2E62A88BF7}.Debug|Any CPU.Build.0 = Debug|Any CPU
		{AF6BC72C-6747-9B6B-D5FE-3C2E62A88BF7}.Release|Any CPU.ActiveCfg = Release|Any CPU
		{AF6BC72C-6747-9B6B-D5FE-3C2E62A88BF7}.Release|Any CPU.Build.0 = Release|Any CPU
		{58A529A5-8E6E-EB44-6201-F0B9FA10EC7C}.Debug|Any CPU.ActiveCfg = Debug|Any CPU
		{58A529A5-8E6E-EB44-6201-F0B9FA10EC7C}.Debug|Any CPU.Build.0 = Debug|Any CPU
		{58A529A5-8E6E-EB44-6201-F0B9FA10EC7C}.Release|Any CPU.ActiveCfg = Release|Any CPU
		{58A529A5-8E6E-EB44-6201-F0B9FA10EC7C}.Release|Any CPU.Build.0 = Release|Any CPU
		{8067E024-E1FC-44F0-5C00-12986E6B2D89}.Debug|Any CPU.ActiveCfg = Debug|Any CPU
		{8067E024-E1FC-44F0-5C00-12986E6B2D89}.Debug|Any CPU.Build.0 = Debug|Any CPU
		{8067E024-E1FC-44F0-5C00-12986E6B2D89}.Release|Any CPU.ActiveCfg = Release|Any CPU
		{8067E024-E1FC-44F0-5C00-12986E6B2D89}.Release|Any CPU.Build.0 = Release|Any CPU
		{C3D3CF50-8E27-A431-83B1-50948E2FA7BD}.Debug|Any CPU.ActiveCfg = Debug|Any CPU
		{C3D3CF50-8E27-A431-83B1-50948E2FA7BD}.Debug|Any CPU.Build.0 = Debug|Any CPU
		{C3D3CF50-8E27-A431-83B1-50948E2FA7BD}.Release|Any CPU.ActiveCfg = Release|Any CPU
		{C3D3CF50-8E27-A431-83B1-50948E2FA7BD}.Release|Any CPU.Build.0 = Release|Any CPU
		{E29A011D-C252-07DA-7845-B5FB335C6821}.Debug|Any CPU.ActiveCfg = Debug|Any CPU
		{E29A011D-C252-07DA-7845-B5FB335C6821}.Debug|Any CPU.Build.0 = Debug|Any CPU
		{E29A011D-C252-07DA-7845-B5FB335C6821}.Release|Any CPU.ActiveCfg = Release|Any CPU
		{E29A011D-C252-07DA-7845-B5FB335C6821}.Release|Any CPU.Build.0 = Release|Any CPU
		{79712C96-80C4-156C-1BB8-F71D8D306E69}.Debug|Any CPU.ActiveCfg = Debug|Any CPU
		{79712C96-80C4-156C-1BB8-F71D8D306E69}.Debug|Any CPU.Build.0 = Debug|Any CPU
		{79712C96-80C4-156C-1BB8-F71D8D306E69}.Release|Any CPU.ActiveCfg = Release|Any CPU
		{79712C96-80C4-156C-1BB8-F71D8D306E69}.Release|Any CPU.Build.0 = Release|Any CPU
		{2ED0A873-7307-B84A-9140-102CA2091591}.Debug|Any CPU.ActiveCfg = Debug|Any CPU
		{2ED0A873-7307-B84A-9140-102CA2091591}.Debug|Any CPU.Build.0 = Debug|Any CPU
		{2ED0A873-7307-B84A-9140-102CA2091591}.Release|Any CPU.ActiveCfg = Release|Any CPU
		{2ED0A873-7307-B84A-9140-102CA2091591}.Release|Any CPU.Build.0 = Release|Any CPU
		{972A93B2-5093-4C08-DB3C-15D1838CD4EB}.Debug|Any CPU.ActiveCfg = Debug|Any CPU
		{972A93B2-5093-4C08-DB3C-15D1838CD4EB}.Debug|Any CPU.Build.0 = Debug|Any CPU
		{972A93B2-5093-4C08-DB3C-15D1838CD4EB}.Release|Any CPU.ActiveCfg = Release|Any CPU
		{972A93B2-5093-4C08-DB3C-15D1838CD4EB}.Release|Any CPU.Build.0 = Release|Any CPU
		{088BF992-EB78-3BBA-0963-ACD8D782797C}.Debug|Any CPU.ActiveCfg = Debug|Any CPU
		{088BF992-EB78-3BBA-0963-ACD8D782797C}.Debug|Any CPU.Build.0 = Debug|Any CPU
		{088BF992-EB78-3BBA-0963-ACD8D782797C}.Release|Any CPU.ActiveCfg = Release|Any CPU
		{088BF992-EB78-3BBA-0963-ACD8D782797C}.Release|Any CPU.Build.0 = Release|Any CPU
		{29570698-9FFF-44C5-61A1-334940642D3A}.Debug|Any CPU.ActiveCfg = Debug|Any CPU
		{29570698-9FFF-44C5-61A1-334940642D3A}.Debug|Any CPU.Build.0 = Debug|Any CPU
		{29570698-9FFF-44C5-61A1-334940642D3A}.Release|Any CPU.ActiveCfg = Release|Any CPU
		{29570698-9FFF-44C5-61A1-334940642D3A}.Release|Any CPU.Build.0 = Release|Any CPU
		{76AC18D5-5578-613C-241A-928706F2CC9D}.Debug|Any CPU.ActiveCfg = Debug|Any CPU
		{76AC18D5-5578-613C-241A-928706F2CC9D}.Debug|Any CPU.Build.0 = Debug|Any CPU
		{76AC18D5-5578-613C-241A-928706F2CC9D}.Release|Any CPU.ActiveCfg = Release|Any CPU
		{76AC18D5-5578-613C-241A-928706F2CC9D}.Release|Any CPU.Build.0 = Release|Any CPU
		{3F0906E5-41D4-EFCE-E553-CBFE5CFC6A4D}.Debug|Any CPU.ActiveCfg = Debug|Any CPU
		{3F0906E5-41D4-EFCE-E553-CBFE5CFC6A4D}.Debug|Any CPU.Build.0 = Debug|Any CPU
		{3F0906E5-41D4-EFCE-E553-CBFE5CFC6A4D}.Release|Any CPU.ActiveCfg = Release|Any CPU
		{3F0906E5-41D4-EFCE-E553-CBFE5CFC6A4D}.Release|Any CPU.Build.0 = Release|Any CPU
		{DC2AF5A2-AF2C-EF0D-9C12-492B0ED9CCC4}.Debug|Any CPU.ActiveCfg = Debug|Any CPU
		{DC2AF5A2-AF2C-EF0D-9C12-492B0ED9CCC4}.Debug|Any CPU.Build.0 = Debug|Any CPU
		{DC2AF5A2-AF2C-EF0D-9C12-492B0ED9CCC4}.Release|Any CPU.ActiveCfg = Release|Any CPU
		{DC2AF5A2-AF2C-EF0D-9C12-492B0ED9CCC4}.Release|Any CPU.Build.0 = Release|Any CPU
		{9B9DA8AC-8F53-A031-C1D1-E6DEB54E4714}.Debug|Any CPU.ActiveCfg = Debug|Any CPU
		{9B9DA8AC-8F53-A031-C1D1-E6DEB54E4714}.Debug|Any CPU.Build.0 = Debug|Any CPU
		{9B9DA8AC-8F53-A031-C1D1-E6DEB54E4714}.Release|Any CPU.ActiveCfg = Release|Any CPU
		{9B9DA8AC-8F53-A031-C1D1-E6DEB54E4714}.Release|Any CPU.Build.0 = Release|Any CPU
		{28E39FA9-FB5B-BCB6-1452-DB4E9A2B7CFD}.Debug|Any CPU.ActiveCfg = Debug|Any CPU
		{28E39FA9-FB5B-BCB6-1452-DB4E9A2B7CFD}.Debug|Any CPU.Build.0 = Debug|Any CPU
		{28E39FA9-FB5B-BCB6-1452-DB4E9A2B7CFD}.Release|Any CPU.ActiveCfg = Release|Any CPU
		{28E39FA9-FB5B-BCB6-1452-DB4E9A2B7CFD}.Release|Any CPU.Build.0 = Release|Any CPU
		{DC05B202-9C22-FC85-B8C5-9ABB1EEB8566}.Debug|Any CPU.ActiveCfg = Debug|Any CPU
		{DC05B202-9C22-FC85-B8C5-9ABB1EEB8566}.Debug|Any CPU.Build.0 = Debug|Any CPU
		{DC05B202-9C22-FC85-B8C5-9ABB1EEB8566}.Release|Any CPU.ActiveCfg = Release|Any CPU
		{DC05B202-9C22-FC85-B8C5-9ABB1EEB8566}.Release|Any CPU.Build.0 = Release|Any CPU
		{027B84DA-2B91-F0B1-F264-0829E7110D68}.Debug|Any CPU.ActiveCfg = Debug|Any CPU
		{027B84DA-2B91-F0B1-F264-0829E7110D68}.Debug|Any CPU.Build.0 = Debug|Any CPU
		{027B84DA-2B91-F0B1-F264-0829E7110D68}.Release|Any CPU.ActiveCfg = Release|Any CPU
		{027B84DA-2B91-F0B1-F264-0829E7110D68}.Release|Any CPU.Build.0 = Release|Any CPU
		{68079E39-0438-E117-4059-E1E1026C9DF7}.Debug|Any CPU.ActiveCfg = Debug|Any CPU
		{68079E39-0438-E117-4059-E1E1026C9DF7}.Debug|Any CPU.Build.0 = Debug|Any CPU
		{68079E39-0438-E117-4059-E1E1026C9DF7}.Release|Any CPU.ActiveCfg = Release|Any CPU
		{68079E39-0438-E117-4059-E1E1026C9DF7}.Release|Any CPU.Build.0 = Release|Any CPU
		{D19027D2-5F8F-77CF-E172-E1D02392DE7C}.Debug|Any CPU.ActiveCfg = Debug|Any CPU
		{D19027D2-5F8F-77CF-E172-E1D02392DE7C}.Debug|Any CPU.Build.0 = Debug|Any CPU
		{D19027D2-5F8F-77CF-E172-E1D02392DE7C}.Release|Any CPU.ActiveCfg = Release|Any CPU
		{D19027D2-5F8F-77CF-E172-E1D02392DE7C}.Release|Any CPU.Build.0 = Release|Any CPU
		{C287E733-FDF6-ECEC-21D7-B245C65EAEDB}.Debug|Any CPU.ActiveCfg = Debug|Any CPU
		{C287E733-FDF6-ECEC-21D7-B245C65EAEDB}.Debug|Any CPU.Build.0 = Debug|Any CPU
		{C287E733-FDF6-ECEC-21D7-B245C65EAEDB}.Release|Any CPU.ActiveCfg = Release|Any CPU
		{C287E733-FDF6-ECEC-21D7-B245C65EAEDB}.Release|Any CPU.Build.0 = Release|Any CPU
		{C7F115DB-822B-F85A-CAEA-F63B84458652}.Debug|Any CPU.ActiveCfg = Debug|Any CPU
		{C7F115DB-822B-F85A-CAEA-F63B84458652}.Debug|Any CPU.Build.0 = Debug|Any CPU
		{C7F115DB-822B-F85A-CAEA-F63B84458652}.Release|Any CPU.ActiveCfg = Release|Any CPU
		{C7F115DB-822B-F85A-CAEA-F63B84458652}.Release|Any CPU.Build.0 = Release|Any CPU
		{49540589-1F38-D2A8-0839-8FEFD9D7A952}.Debug|Any CPU.ActiveCfg = Debug|Any CPU
		{49540589-1F38-D2A8-0839-8FEFD9D7A952}.Debug|Any CPU.Build.0 = Debug|Any CPU
		{49540589-1F38-D2A8-0839-8FEFD9D7A952}.Release|Any CPU.ActiveCfg = Release|Any CPU
		{49540589-1F38-D2A8-0839-8FEFD9D7A952}.Release|Any CPU.Build.0 = Release|Any CPU
		{74540565-30E9-6F2A-0E20-367F5E447542}.Debug|Any CPU.ActiveCfg = Debug|Any CPU
		{74540565-30E9-6F2A-0E20-367F5E447542}.Debug|Any CPU.Build.0 = Debug|Any CPU
		{74540565-30E9-6F2A-0E20-367F5E447542}.Release|Any CPU.ActiveCfg = Release|Any CPU
		{74540565-30E9-6F2A-0E20-367F5E447542}.Release|Any CPU.Build.0 = Release|Any CPU
		{2C13DAF3-6BF8-3A8A-AB84-EE93872C6528}.Debug|Any CPU.ActiveCfg = Debug|Any CPU
		{2C13DAF3-6BF8-3A8A-AB84-EE93872C6528}.Debug|Any CPU.Build.0 = Debug|Any CPU
		{2C13DAF3-6BF8-3A8A-AB84-EE93872C6528}.Release|Any CPU.ActiveCfg = Release|Any CPU
		{2C13DAF3-6BF8-3A8A-AB84-EE93872C6528}.Release|Any CPU.Build.0 = Release|Any CPU
		{BED8E404-9FD6-F0CD-80D3-E185F124A14A}.Debug|Any CPU.ActiveCfg = Debug|Any CPU
		{BED8E404-9FD6-F0CD-80D3-E185F124A14A}.Debug|Any CPU.Build.0 = Debug|Any CPU
		{BED8E404-9FD6-F0CD-80D3-E185F124A14A}.Release|Any CPU.ActiveCfg = Release|Any CPU
		{BED8E404-9FD6-F0CD-80D3-E185F124A14A}.Release|Any CPU.Build.0 = Release|Any CPU
		{C8FE561C-E32A-9168-67F1-FD74BFAA900B}.Debug|Any CPU.ActiveCfg = Debug|Any CPU
		{C8FE561C-E32A-9168-67F1-FD74BFAA900B}.Debug|Any CPU.Build.0 = Debug|Any CPU
		{C8FE561C-E32A-9168-67F1-FD74BFAA900B}.Release|Any CPU.ActiveCfg = Release|Any CPU
		{C8FE561C-E32A-9168-67F1-FD74BFAA900B}.Release|Any CPU.Build.0 = Release|Any CPU
		{6C036225-A4DF-DD90-D500-CA51532FFB8F}.Debug|Any CPU.ActiveCfg = Debug|Any CPU
		{6C036225-A4DF-DD90-D500-CA51532FFB8F}.Debug|Any CPU.Build.0 = Debug|Any CPU
		{6C036225-A4DF-DD90-D500-CA51532FFB8F}.Release|Any CPU.ActiveCfg = Release|Any CPU
		{6C036225-A4DF-DD90-D500-CA51532FFB8F}.Release|Any CPU.Build.0 = Release|Any CPU
		{7F24A5FA-C4E5-FF63-15D1-AA46BED7CD67}.Debug|Any CPU.ActiveCfg = Debug|Any CPU
		{7F24A5FA-C4E5-FF63-15D1-AA46BED7CD67}.Debug|Any CPU.Build.0 = Debug|Any CPU
		{7F24A5FA-C4E5-FF63-15D1-AA46BED7CD67}.Release|Any CPU.ActiveCfg = Release|Any CPU
		{7F24A5FA-C4E5-FF63-15D1-AA46BED7CD67}.Release|Any CPU.Build.0 = Release|Any CPU
		{9C0C1A5C-AB27-5254-94F7-BAE60B7F59B5}.Debug|Any CPU.ActiveCfg = Debug|Any CPU
		{9C0C1A5C-AB27-5254-94F7-BAE60B7F59B5}.Debug|Any CPU.Build.0 = Debug|Any CPU
		{9C0C1A5C-AB27-5254-94F7-BAE60B7F59B5}.Release|Any CPU.ActiveCfg = Release|Any CPU
		{9C0C1A5C-AB27-5254-94F7-BAE60B7F59B5}.Release|Any CPU.Build.0 = Release|Any CPU
		{DE013B78-5B07-4AA6-8286-732D88AF51E7}.Debug|Any CPU.ActiveCfg = Debug|Any CPU
		{DE013B78-5B07-4AA6-8286-732D88AF51E7}.Debug|Any CPU.Build.0 = Debug|Any CPU
		{DE013B78-5B07-4AA6-8286-732D88AF51E7}.Release|Any CPU.ActiveCfg = Release|Any CPU
		{DE013B78-5B07-4AA6-8286-732D88AF51E7}.Release|Any CPU.Build.0 = Release|Any CPU
		{C69C85E1-9E7D-B06F-E2D6-FFA0EA7AD4F4}.Debug|Any CPU.ActiveCfg = Debug|Any CPU
		{C69C85E1-9E7D-B06F-E2D6-FFA0EA7AD4F4}.Debug|Any CPU.Build.0 = Debug|Any CPU
		{C69C85E1-9E7D-B06F-E2D6-FFA0EA7AD4F4}.Release|Any CPU.ActiveCfg = Release|Any CPU
		{C69C85E1-9E7D-B06F-E2D6-FFA0EA7AD4F4}.Release|Any CPU.Build.0 = Release|Any CPU
		{594B417A-C2D9-37B9-EB41-CEABAE0C9461}.Debug|Any CPU.ActiveCfg = Debug|Any CPU
		{594B417A-C2D9-37B9-EB41-CEABAE0C9461}.Debug|Any CPU.Build.0 = Debug|Any CPU
		{594B417A-C2D9-37B9-EB41-CEABAE0C9461}.Release|Any CPU.ActiveCfg = Release|Any CPU
		{594B417A-C2D9-37B9-EB41-CEABAE0C9461}.Release|Any CPU.Build.0 = Release|Any CPU
		{105E64C6-FF14-43AF-3857-4F2103956977}.Debug|Any CPU.ActiveCfg = Debug|Any CPU
		{105E64C6-FF14-43AF-3857-4F2103956977}.Debug|Any CPU.Build.0 = Debug|Any CPU
		{105E64C6-FF14-43AF-3857-4F2103956977}.Release|Any CPU.ActiveCfg = Release|Any CPU
		{105E64C6-FF14-43AF-3857-4F2103956977}.Release|Any CPU.Build.0 = Release|Any CPU
		{F02A56E7-5629-A3AE-0167-16CA2774F5B9}.Debug|Any CPU.ActiveCfg = Debug|Any CPU
		{F02A56E7-5629-A3AE-0167-16CA2774F5B9}.Debug|Any CPU.Build.0 = Debug|Any CPU
		{F02A56E7-5629-A3AE-0167-16CA2774F5B9}.Release|Any CPU.ActiveCfg = Release|Any CPU
		{F02A56E7-5629-A3AE-0167-16CA2774F5B9}.Release|Any CPU.Build.0 = Release|Any CPU
		{C7B2D9A8-0864-7844-5F9B-E07DB9CFA469}.Debug|Any CPU.ActiveCfg = Debug|Any CPU
		{C7B2D9A8-0864-7844-5F9B-E07DB9CFA469}.Debug|Any CPU.Build.0 = Debug|Any CPU
		{C7B2D9A8-0864-7844-5F9B-E07DB9CFA469}.Release|Any CPU.ActiveCfg = Release|Any CPU
		{C7B2D9A8-0864-7844-5F9B-E07DB9CFA469}.Release|Any CPU.Build.0 = Release|Any CPU
		{244E2E5F-EA23-E963-5C21-CA978F377CDD}.Debug|Any CPU.ActiveCfg = Debug|Any CPU
		{244E2E5F-EA23-E963-5C21-CA978F377CDD}.Debug|Any CPU.Build.0 = Debug|Any CPU
		{244E2E5F-EA23-E963-5C21-CA978F377CDD}.Release|Any CPU.ActiveCfg = Release|Any CPU
		{244E2E5F-EA23-E963-5C21-CA978F377CDD}.Release|Any CPU.Build.0 = Release|Any CPU
		{193846A3-1BE1-5AC8-3C31-098899CC58F7}.Debug|Any CPU.ActiveCfg = Debug|Any CPU
		{193846A3-1BE1-5AC8-3C31-098899CC58F7}.Debug|Any CPU.Build.0 = Debug|Any CPU
		{193846A3-1BE1-5AC8-3C31-098899CC58F7}.Release|Any CPU.ActiveCfg = Release|Any CPU
		{193846A3-1BE1-5AC8-3C31-098899CC58F7}.Release|Any CPU.Build.0 = Release|Any CPU
		{C41BBB2D-FF79-3015-C65E-22A3965E613D}.Debug|Any CPU.ActiveCfg = Debug|Any CPU
		{C41BBB2D-FF79-3015-C65E-22A3965E613D}.Debug|Any CPU.Build.0 = Debug|Any CPU
		{C41BBB2D-FF79-3015-C65E-22A3965E613D}.Release|Any CPU.ActiveCfg = Release|Any CPU
		{C41BBB2D-FF79-3015-C65E-22A3965E613D}.Release|Any CPU.Build.0 = Release|Any CPU
		{FCDE211C-C11F-171E-4A6F-602D6269169A}.Debug|Any CPU.ActiveCfg = Debug|Any CPU
		{FCDE211C-C11F-171E-4A6F-602D6269169A}.Debug|Any CPU.Build.0 = Debug|Any CPU
		{FCDE211C-C11F-171E-4A6F-602D6269169A}.Release|Any CPU.ActiveCfg = Release|Any CPU
		{FCDE211C-C11F-171E-4A6F-602D6269169A}.Release|Any CPU.Build.0 = Release|Any CPU
		{BF462E35-4CF6-2A01-36B3-684ACBED1A4B}.Debug|Any CPU.ActiveCfg = Debug|Any CPU
		{BF462E35-4CF6-2A01-36B3-684ACBED1A4B}.Debug|Any CPU.Build.0 = Debug|Any CPU
		{BF462E35-4CF6-2A01-36B3-684ACBED1A4B}.Release|Any CPU.ActiveCfg = Release|Any CPU
		{BF462E35-4CF6-2A01-36B3-684ACBED1A4B}.Release|Any CPU.Build.0 = Release|Any CPU
		{8C5CC09F-E00F-A8D1-8AA2-0309A9D9ED9C}.Debug|Any CPU.ActiveCfg = Debug|Any CPU
		{8C5CC09F-E00F-A8D1-8AA2-0309A9D9ED9C}.Debug|Any CPU.Build.0 = Debug|Any CPU
		{8C5CC09F-E00F-A8D1-8AA2-0309A9D9ED9C}.Release|Any CPU.ActiveCfg = Release|Any CPU
		{8C5CC09F-E00F-A8D1-8AA2-0309A9D9ED9C}.Release|Any CPU.Build.0 = Release|Any CPU
		{4B469CEB-1BD4-3CB6-E26C-D0F35E4F364C}.Debug|Any CPU.ActiveCfg = Debug|Any CPU
		{4B469CEB-1BD4-3CB6-E26C-D0F35E4F364C}.Debug|Any CPU.Build.0 = Debug|Any CPU
		{4B469CEB-1BD4-3CB6-E26C-D0F35E4F364C}.Release|Any CPU.ActiveCfg = Release|Any CPU
		{4B469CEB-1BD4-3CB6-E26C-D0F35E4F364C}.Release|Any CPU.Build.0 = Release|Any CPU
		{B2A223B6-FEA5-8FA2-6ED3-A1A2561CC1BD}.Debug|Any CPU.ActiveCfg = Debug|Any CPU
		{B2A223B6-FEA5-8FA2-6ED3-A1A2561CC1BD}.Debug|Any CPU.Build.0 = Debug|Any CPU
		{B2A223B6-FEA5-8FA2-6ED3-A1A2561CC1BD}.Release|Any CPU.ActiveCfg = Release|Any CPU
		{B2A223B6-FEA5-8FA2-6ED3-A1A2561CC1BD}.Release|Any CPU.Build.0 = Release|Any CPU
		{3E33201D-EC01-CCF4-7821-4DD3041D44EB}.Debug|Any CPU.ActiveCfg = Debug|Any CPU
		{3E33201D-EC01-CCF4-7821-4DD3041D44EB}.Debug|Any CPU.Build.0 = Debug|Any CPU
		{3E33201D-EC01-CCF4-7821-4DD3041D44EB}.Release|Any CPU.ActiveCfg = Release|Any CPU
		{3E33201D-EC01-CCF4-7821-4DD3041D44EB}.Release|Any CPU.Build.0 = Release|Any CPU
		{863A5105-B030-7625-8C1A-2874F6E29488}.Debug|Any CPU.ActiveCfg = Debug|Any CPU
		{863A5105-B030-7625-8C1A-2874F6E29488}.Debug|Any CPU.Build.0 = Debug|Any CPU
		{863A5105-B030-7625-8C1A-2874F6E29488}.Release|Any CPU.ActiveCfg = Release|Any CPU
		{863A5105-B030-7625-8C1A-2874F6E29488}.Release|Any CPU.Build.0 = Release|Any CPU
		{282AC73A-5326-C391-EA15-FD09C5BF5DD4}.Debug|Any CPU.ActiveCfg = Debug|Any CPU
		{282AC73A-5326-C391-EA15-FD09C5BF5DD4}.Debug|Any CPU.Build.0 = Debug|Any CPU
		{282AC73A-5326-C391-EA15-FD09C5BF5DD4}.Release|Any CPU.ActiveCfg = Release|Any CPU
		{282AC73A-5326-C391-EA15-FD09C5BF5DD4}.Release|Any CPU.Build.0 = Release|Any CPU
		{B91A46F5-BCA3-482A-8E10-7CEA499FF086}.Debug|Any CPU.ActiveCfg = Debug|Any CPU
		{B91A46F5-BCA3-482A-8E10-7CEA499FF086}.Debug|Any CPU.Build.0 = Debug|Any CPU
		{B91A46F5-BCA3-482A-8E10-7CEA499FF086}.Release|Any CPU.ActiveCfg = Release|Any CPU
		{B91A46F5-BCA3-482A-8E10-7CEA499FF086}.Release|Any CPU.Build.0 = Release|Any CPU
		{7A87E2C0-D6A9-EBF1-ABD9-D61077D6A41C}.Debug|Any CPU.ActiveCfg = Debug|Any CPU
		{7A87E2C0-D6A9-EBF1-ABD9-D61077D6A41C}.Debug|Any CPU.Build.0 = Debug|Any CPU
		{7A87E2C0-D6A9-EBF1-ABD9-D61077D6A41C}.Release|Any CPU.ActiveCfg = Release|Any CPU
		{7A87E2C0-D6A9-EBF1-ABD9-D61077D6A41C}.Release|Any CPU.Build.0 = Release|Any CPU
		{8AB702FE-B2C0-D1E3-29A9-9F99586EDBC1}.Debug|Any CPU.ActiveCfg = Debug|Any CPU
		{8AB702FE-B2C0-D1E3-29A9-9F99586EDBC1}.Debug|Any CPU.Build.0 = Debug|Any CPU
		{8AB702FE-B2C0-D1E3-29A9-9F99586EDBC1}.Release|Any CPU.ActiveCfg = Release|Any CPU
		{8AB702FE-B2C0-D1E3-29A9-9F99586EDBC1}.Release|Any CPU.Build.0 = Release|Any CPU
		{36DEE47D-C0B7-0974-9826-CC53C7E10711}.Debug|Any CPU.ActiveCfg = Debug|Any CPU
		{36DEE47D-C0B7-0974-9826-CC53C7E10711}.Debug|Any CPU.Build.0 = Debug|Any CPU
		{36DEE47D-C0B7-0974-9826-CC53C7E10711}.Release|Any CPU.ActiveCfg = Release|Any CPU
		{36DEE47D-C0B7-0974-9826-CC53C7E10711}.Release|Any CPU.Build.0 = Release|Any CPU
		{3AE0488C-3FFF-7C2D-492D-C6D6573927B4}.Debug|Any CPU.ActiveCfg = Debug|Any CPU
		{3AE0488C-3FFF-7C2D-492D-C6D6573927B4}.Debug|Any CPU.Build.0 = Debug|Any CPU
		{3AE0488C-3FFF-7C2D-492D-C6D6573927B4}.Release|Any CPU.ActiveCfg = Release|Any CPU
		{3AE0488C-3FFF-7C2D-492D-C6D6573927B4}.Release|Any CPU.Build.0 = Release|Any CPU
		{A345C3FC-1C1D-04C6-96E8-914F4DACCDA3}.Debug|Any CPU.ActiveCfg = Debug|Any CPU
		{A345C3FC-1C1D-04C6-96E8-914F4DACCDA3}.Debug|Any CPU.Build.0 = Debug|Any CPU
		{A345C3FC-1C1D-04C6-96E8-914F4DACCDA3}.Release|Any CPU.ActiveCfg = Release|Any CPU
		{A345C3FC-1C1D-04C6-96E8-914F4DACCDA3}.Release|Any CPU.Build.0 = Release|Any CPU
		{2C1816DF-41B4-8A3C-84AF-E7256E431514}.Debug|Any CPU.ActiveCfg = Debug|Any CPU
		{2C1816DF-41B4-8A3C-84AF-E7256E431514}.Debug|Any CPU.Build.0 = Debug|Any CPU
		{2C1816DF-41B4-8A3C-84AF-E7256E431514}.Release|Any CPU.ActiveCfg = Release|Any CPU
		{2C1816DF-41B4-8A3C-84AF-E7256E431514}.Release|Any CPU.Build.0 = Release|Any CPU
		{5B22E0ED-DF36-3641-B43D-BDA81B9DB1A5}.Debug|Any CPU.ActiveCfg = Debug|Any CPU
		{5B22E0ED-DF36-3641-B43D-BDA81B9DB1A5}.Debug|Any CPU.Build.0 = Debug|Any CPU
		{5B22E0ED-DF36-3641-B43D-BDA81B9DB1A5}.Release|Any CPU.ActiveCfg = Release|Any CPU
		{5B22E0ED-DF36-3641-B43D-BDA81B9DB1A5}.Release|Any CPU.Build.0 = Release|Any CPU
		{094E4EE5-F9AA-CD73-A515-937EADD05C8E}.Debug|Any CPU.ActiveCfg = Debug|Any CPU
		{094E4EE5-F9AA-CD73-A515-937EADD05C8E}.Debug|Any CPU.Build.0 = Debug|Any CPU
		{094E4EE5-F9AA-CD73-A515-937EADD05C8E}.Release|Any CPU.ActiveCfg = Release|Any CPU
		{094E4EE5-F9AA-CD73-A515-937EADD05C8E}.Release|Any CPU.Build.0 = Release|Any CPU
		{20D9736D-81A5-E6B5-B25E-A28C5B3D0E0A}.Debug|Any CPU.ActiveCfg = Debug|Any CPU
		{20D9736D-81A5-E6B5-B25E-A28C5B3D0E0A}.Debug|Any CPU.Build.0 = Debug|Any CPU
		{20D9736D-81A5-E6B5-B25E-A28C5B3D0E0A}.Release|Any CPU.ActiveCfg = Release|Any CPU
		{20D9736D-81A5-E6B5-B25E-A28C5B3D0E0A}.Release|Any CPU.Build.0 = Release|Any CPU
		{DD5C7FA7-F23E-6423-478A-F89EE6ED20FB}.Debug|Any CPU.ActiveCfg = Debug|Any CPU
		{DD5C7FA7-F23E-6423-478A-F89EE6ED20FB}.Debug|Any CPU.Build.0 = Debug|Any CPU
		{DD5C7FA7-F23E-6423-478A-F89EE6ED20FB}.Release|Any CPU.ActiveCfg = Release|Any CPU
		{DD5C7FA7-F23E-6423-478A-F89EE6ED20FB}.Release|Any CPU.Build.0 = Release|Any CPU
		{D90C9C65-F78A-7C9F-3868-C8AD6DB530E4}.Debug|Any CPU.ActiveCfg = Debug|Any CPU
		{D90C9C65-F78A-7C9F-3868-C8AD6DB530E4}.Debug|Any CPU.Build.0 = Debug|Any CPU
		{D90C9C65-F78A-7C9F-3868-C8AD6DB530E4}.Release|Any CPU.ActiveCfg = Release|Any CPU
		{D90C9C65-F78A-7C9F-3868-C8AD6DB530E4}.Release|Any CPU.Build.0 = Release|Any CPU
		{FA32B595-E9D9-90AE-E812-C375F9A03B65}.Debug|Any CPU.ActiveCfg = Debug|Any CPU
		{FA32B595-E9D9-90AE-E812-C375F9A03B65}.Debug|Any CPU.Build.0 = Debug|Any CPU
		{FA32B595-E9D9-90AE-E812-C375F9A03B65}.Release|Any CPU.ActiveCfg = Release|Any CPU
		{FA32B595-E9D9-90AE-E812-C375F9A03B65}.Release|Any CPU.Build.0 = Release|Any CPU
		{41397E22-2D00-D2D2-846E-4D00FD289269}.Debug|Any CPU.ActiveCfg = Debug|Any CPU
		{41397E22-2D00-D2D2-846E-4D00FD289269}.Debug|Any CPU.Build.0 = Debug|Any CPU
		{41397E22-2D00-D2D2-846E-4D00FD289269}.Release|Any CPU.ActiveCfg = Release|Any CPU
		{41397E22-2D00-D2D2-846E-4D00FD289269}.Release|Any CPU.Build.0 = Release|Any CPU
		{4918B42E-AA4A-0A65-5CA3-BCB0A5670BED}.Debug|Any CPU.ActiveCfg = Debug|Any CPU
		{4918B42E-AA4A-0A65-5CA3-BCB0A5670BED}.Debug|Any CPU.Build.0 = Debug|Any CPU
		{4918B42E-AA4A-0A65-5CA3-BCB0A5670BED}.Release|Any CPU.ActiveCfg = Release|Any CPU
		{4918B42E-AA4A-0A65-5CA3-BCB0A5670BED}.Release|Any CPU.Build.0 = Release|Any CPU
		{F2DCF544-BD1A-D65C-B01C-70C036332494}.Debug|Any CPU.ActiveCfg = Debug|Any CPU
		{F2DCF544-BD1A-D65C-B01C-70C036332494}.Debug|Any CPU.Build.0 = Debug|Any CPU
		{F2DCF544-BD1A-D65C-B01C-70C036332494}.Release|Any CPU.ActiveCfg = Release|Any CPU
		{F2DCF544-BD1A-D65C-B01C-70C036332494}.Release|Any CPU.Build.0 = Release|Any CPU
		{DA0BDFED-1833-53B4-F26D-48972E977219}.Debug|Any CPU.ActiveCfg = Debug|Any CPU
		{DA0BDFED-1833-53B4-F26D-48972E977219}.Debug|Any CPU.Build.0 = Debug|Any CPU
		{DA0BDFED-1833-53B4-F26D-48972E977219}.Release|Any CPU.ActiveCfg = Release|Any CPU
		{DA0BDFED-1833-53B4-F26D-48972E977219}.Release|Any CPU.Build.0 = Release|Any CPU
		{C2FC4B14-E9E9-609D-0BA1-DC8F96F9B179}.Debug|Any CPU.ActiveCfg = Debug|Any CPU
		{C2FC4B14-E9E9-609D-0BA1-DC8F96F9B179}.Debug|Any CPU.Build.0 = Debug|Any CPU
		{C2FC4B14-E9E9-609D-0BA1-DC8F96F9B179}.Release|Any CPU.ActiveCfg = Release|Any CPU
		{C2FC4B14-E9E9-609D-0BA1-DC8F96F9B179}.Release|Any CPU.Build.0 = Release|Any CPU
		{0E29AC66-250A-CEC4-895F-13C9BF34FB52}.Debug|Any CPU.ActiveCfg = Debug|Any CPU
		{0E29AC66-250A-CEC4-895F-13C9BF34FB52}.Debug|Any CPU.Build.0 = Debug|Any CPU
		{0E29AC66-250A-CEC4-895F-13C9BF34FB52}.Release|Any CPU.ActiveCfg = Release|Any CPU
		{0E29AC66-250A-CEC4-895F-13C9BF34FB52}.Release|Any CPU.Build.0 = Release|Any CPU
		{D6AE9ECC-1EE1-A3C0-95DA-818B9A63D666}.Debug|Any CPU.ActiveCfg = Debug|Any CPU
		{D6AE9ECC-1EE1-A3C0-95DA-818B9A63D666}.Debug|Any CPU.Build.0 = Debug|Any CPU
		{D6AE9ECC-1EE1-A3C0-95DA-818B9A63D666}.Release|Any CPU.ActiveCfg = Release|Any CPU
		{D6AE9ECC-1EE1-A3C0-95DA-818B9A63D666}.Release|Any CPU.Build.0 = Release|Any CPU
		{2F273165-8E8F-26D0-ACED-A7CE485840C0}.Debug|Any CPU.ActiveCfg = Debug|Any CPU
		{2F273165-8E8F-26D0-ACED-A7CE485840C0}.Debug|Any CPU.Build.0 = Debug|Any CPU
		{2F273165-8E8F-26D0-ACED-A7CE485840C0}.Release|Any CPU.ActiveCfg = Release|Any CPU
		{2F273165-8E8F-26D0-ACED-A7CE485840C0}.Release|Any CPU.Build.0 = Release|Any CPU
		{6714DDC5-B23E-4D32-D744-588673CC0C8F}.Debug|Any CPU.ActiveCfg = Debug|Any CPU
		{6714DDC5-B23E-4D32-D744-588673CC0C8F}.Debug|Any CPU.Build.0 = Debug|Any CPU
		{6714DDC5-B23E-4D32-D744-588673CC0C8F}.Release|Any CPU.ActiveCfg = Release|Any CPU
		{6714DDC5-B23E-4D32-D744-588673CC0C8F}.Release|Any CPU.Build.0 = Release|Any CPU
		{70276900-D196-CE0A-A1F9-25126F0B90EB}.Debug|Any CPU.ActiveCfg = Debug|Any CPU
		{70276900-D196-CE0A-A1F9-25126F0B90EB}.Debug|Any CPU.Build.0 = Debug|Any CPU
		{70276900-D196-CE0A-A1F9-25126F0B90EB}.Release|Any CPU.ActiveCfg = Release|Any CPU
		{70276900-D196-CE0A-A1F9-25126F0B90EB}.Release|Any CPU.Build.0 = Release|Any CPU
		{4F37DF35-AAFC-F48C-7CC5-80E972B99768}.Debug|Any CPU.ActiveCfg = Debug|Any CPU
		{4F37DF35-AAFC-F48C-7CC5-80E972B99768}.Debug|Any CPU.Build.0 = Debug|Any CPU
		{4F37DF35-AAFC-F48C-7CC5-80E972B99768}.Release|Any CPU.ActiveCfg = Release|Any CPU
		{4F37DF35-AAFC-F48C-7CC5-80E972B99768}.Release|Any CPU.Build.0 = Release|Any CPU
		{2D8B13DC-F1F2-4261-DF3A-7B37BBD30CDB}.Debug|Any CPU.ActiveCfg = Debug|Any CPU
		{2D8B13DC-F1F2-4261-DF3A-7B37BBD30CDB}.Debug|Any CPU.Build.0 = Debug|Any CPU
		{2D8B13DC-F1F2-4261-DF3A-7B37BBD30CDB}.Release|Any CPU.ActiveCfg = Release|Any CPU
		{2D8B13DC-F1F2-4261-DF3A-7B37BBD30CDB}.Release|Any CPU.Build.0 = Release|Any CPU
		{7634DA4C-345A-84BC-455A-9A3E10AAE549}.Debug|Any CPU.ActiveCfg = Debug|Any CPU
		{7634DA4C-345A-84BC-455A-9A3E10AAE549}.Debug|Any CPU.Build.0 = Debug|Any CPU
		{7634DA4C-345A-84BC-455A-9A3E10AAE549}.Release|Any CPU.ActiveCfg = Release|Any CPU
		{7634DA4C-345A-84BC-455A-9A3E10AAE549}.Release|Any CPU.Build.0 = Release|Any CPU
		{E986FDF4-9705-A82B-364D-DD567A489219}.Debug|Any CPU.ActiveCfg = Debug|Any CPU
		{E986FDF4-9705-A82B-364D-DD567A489219}.Debug|Any CPU.Build.0 = Debug|Any CPU
		{E986FDF4-9705-A82B-364D-DD567A489219}.Release|Any CPU.ActiveCfg = Release|Any CPU
		{E986FDF4-9705-A82B-364D-DD567A489219}.Release|Any CPU.Build.0 = Release|Any CPU
		{A77C65D0-9852-9F69-FA41-5CB774FB6AD3}.Debug|Any CPU.ActiveCfg = Debug|Any CPU
		{A77C65D0-9852-9F69-FA41-5CB774FB6AD3}.Debug|Any CPU.Build.0 = Debug|Any CPU
		{A77C65D0-9852-9F69-FA41-5CB774FB6AD3}.Release|Any CPU.ActiveCfg = Release|Any CPU
		{A77C65D0-9852-9F69-FA41-5CB774FB6AD3}.Release|Any CPU.Build.0 = Release|Any CPU
		{D5A79016-0931-4E0D-C256-5257140B669D}.Debug|Any CPU.ActiveCfg = Debug|Any CPU
		{D5A79016-0931-4E0D-C256-5257140B669D}.Debug|Any CPU.Build.0 = Debug|Any CPU
		{D5A79016-0931-4E0D-C256-5257140B669D}.Release|Any CPU.ActiveCfg = Release|Any CPU
		{D5A79016-0931-4E0D-C256-5257140B669D}.Release|Any CPU.Build.0 = Release|Any CPU
		{F2109746-C5B3-7519-D436-7246B009F798}.Debug|Any CPU.ActiveCfg = Debug|Any CPU
		{F2109746-C5B3-7519-D436-7246B009F798}.Debug|Any CPU.Build.0 = Debug|Any CPU
		{F2109746-C5B3-7519-D436-7246B009F798}.Release|Any CPU.ActiveCfg = Release|Any CPU
		{F2109746-C5B3-7519-D436-7246B009F798}.Release|Any CPU.Build.0 = Release|Any CPU
		{FD47E8A0-41C8-8402-9B90-B8DD8D1C059C}.Debug|Any CPU.ActiveCfg = Debug|Any CPU
		{FD47E8A0-41C8-8402-9B90-B8DD8D1C059C}.Debug|Any CPU.Build.0 = Debug|Any CPU
		{FD47E8A0-41C8-8402-9B90-B8DD8D1C059C}.Release|Any CPU.ActiveCfg = Release|Any CPU
		{FD47E8A0-41C8-8402-9B90-B8DD8D1C059C}.Release|Any CPU.Build.0 = Release|Any CPU
		{060A5399-4A81-A095-5753-8799A61097D3}.Debug|Any CPU.ActiveCfg = Debug|Any CPU
		{060A5399-4A81-A095-5753-8799A61097D3}.Debug|Any CPU.Build.0 = Debug|Any CPU
		{060A5399-4A81-A095-5753-8799A61097D3}.Release|Any CPU.ActiveCfg = Release|Any CPU
		{060A5399-4A81-A095-5753-8799A61097D3}.Release|Any CPU.Build.0 = Release|Any CPU
		{873EB2B2-78AB-6C6B-749E-53CF9F050EA9}.Debug|Any CPU.ActiveCfg = Debug|Any CPU
		{873EB2B2-78AB-6C6B-749E-53CF9F050EA9}.Debug|Any CPU.Build.0 = Debug|Any CPU
		{873EB2B2-78AB-6C6B-749E-53CF9F050EA9}.Release|Any CPU.ActiveCfg = Release|Any CPU
		{873EB2B2-78AB-6C6B-749E-53CF9F050EA9}.Release|Any CPU.Build.0 = Release|Any CPU
		{919DCF69-CDF6-E714-346C-0B95CF12489F}.Debug|Any CPU.ActiveCfg = Debug|Any CPU
		{919DCF69-CDF6-E714-346C-0B95CF12489F}.Debug|Any CPU.Build.0 = Debug|Any CPU
		{919DCF69-CDF6-E714-346C-0B95CF12489F}.Release|Any CPU.ActiveCfg = Release|Any CPU
		{919DCF69-CDF6-E714-346C-0B95CF12489F}.Release|Any CPU.Build.0 = Release|Any CPU
		{8FC7BB4C-12C8-5DE2-F76A-71680147087B}.Debug|Any CPU.ActiveCfg = Debug|Any CPU
		{8FC7BB4C-12C8-5DE2-F76A-71680147087B}.Debug|Any CPU.Build.0 = Debug|Any CPU
		{8FC7BB4C-12C8-5DE2-F76A-71680147087B}.Release|Any CPU.ActiveCfg = Release|Any CPU
		{8FC7BB4C-12C8-5DE2-F76A-71680147087B}.Release|Any CPU.Build.0 = Release|Any CPU
		{546A8BF9-48F1-BDA1-D9E8-4233F8796D51}.Debug|Any CPU.ActiveCfg = Debug|Any CPU
		{546A8BF9-48F1-BDA1-D9E8-4233F8796D51}.Debug|Any CPU.Build.0 = Debug|Any CPU
		{546A8BF9-48F1-BDA1-D9E8-4233F8796D51}.Release|Any CPU.ActiveCfg = Release|Any CPU
		{546A8BF9-48F1-BDA1-D9E8-4233F8796D51}.Release|Any CPU.Build.0 = Release|Any CPU
		{9DD9035B-BDE2-4C54-B569-F1DB0A38BF54}.Debug|Any CPU.ActiveCfg = Debug|Any CPU
		{9DD9035B-BDE2-4C54-B569-F1DB0A38BF54}.Debug|Any CPU.Build.0 = Debug|Any CPU
		{9DD9035B-BDE2-4C54-B569-F1DB0A38BF54}.Release|Any CPU.ActiveCfg = Release|Any CPU
		{9DD9035B-BDE2-4C54-B569-F1DB0A38BF54}.Release|Any CPU.Build.0 = Release|Any CPU
		{C0C7B065-BD03-80FA-EF04-B4C7834A4E5D}.Debug|Any CPU.ActiveCfg = Debug|Any CPU
		{C0C7B065-BD03-80FA-EF04-B4C7834A4E5D}.Debug|Any CPU.Build.0 = Debug|Any CPU
		{C0C7B065-BD03-80FA-EF04-B4C7834A4E5D}.Release|Any CPU.ActiveCfg = Release|Any CPU
		{C0C7B065-BD03-80FA-EF04-B4C7834A4E5D}.Release|Any CPU.Build.0 = Release|Any CPU
		{4568B432-4832-22CE-3930-715206C1075D}.Debug|Any CPU.ActiveCfg = Debug|Any CPU
		{4568B432-4832-22CE-3930-715206C1075D}.Debug|Any CPU.Build.0 = Debug|Any CPU
		{4568B432-4832-22CE-3930-715206C1075D}.Release|Any CPU.ActiveCfg = Release|Any CPU
		{4568B432-4832-22CE-3930-715206C1075D}.Release|Any CPU.Build.0 = Release|Any CPU
		{A5BA84BF-B718-4B62-3F85-7C50E631355D}.Debug|Any CPU.ActiveCfg = Debug|Any CPU
		{A5BA84BF-B718-4B62-3F85-7C50E631355D}.Debug|Any CPU.Build.0 = Debug|Any CPU
		{A5BA84BF-B718-4B62-3F85-7C50E631355D}.Release|Any CPU.ActiveCfg = Release|Any CPU
		{A5BA84BF-B718-4B62-3F85-7C50E631355D}.Release|Any CPU.Build.0 = Release|Any CPU
		{C3FC3F41-DBA7-3FEE-3C8D-D51CD58E3597}.Debug|Any CPU.ActiveCfg = Debug|Any CPU
		{C3FC3F41-DBA7-3FEE-3C8D-D51CD58E3597}.Debug|Any CPU.Build.0 = Debug|Any CPU
		{C3FC3F41-DBA7-3FEE-3C8D-D51CD58E3597}.Release|Any CPU.ActiveCfg = Release|Any CPU
		{C3FC3F41-DBA7-3FEE-3C8D-D51CD58E3597}.Release|Any CPU.Build.0 = Release|Any CPU
		{41156437-AE3F-18A6-B853-9A830EE83FB2}.Debug|Any CPU.ActiveCfg = Debug|Any CPU
		{41156437-AE3F-18A6-B853-9A830EE83FB2}.Debug|Any CPU.Build.0 = Debug|Any CPU
		{41156437-AE3F-18A6-B853-9A830EE83FB2}.Release|Any CPU.ActiveCfg = Release|Any CPU
		{41156437-AE3F-18A6-B853-9A830EE83FB2}.Release|Any CPU.Build.0 = Release|Any CPU
		{57C702E7-0046-6574-D7DE-D820BB98CB61}.Debug|Any CPU.ActiveCfg = Debug|Any CPU
		{57C702E7-0046-6574-D7DE-D820BB98CB61}.Debug|Any CPU.Build.0 = Debug|Any CPU
		{57C702E7-0046-6574-D7DE-D820BB98CB61}.Release|Any CPU.ActiveCfg = Release|Any CPU
		{57C702E7-0046-6574-D7DE-D820BB98CB61}.Release|Any CPU.Build.0 = Release|Any CPU
		{AA15BF9F-5AEE-B382-D48A-96F5909F1014}.Debug|Any CPU.ActiveCfg = Debug|Any CPU
		{AA15BF9F-5AEE-B382-D48A-96F5909F1014}.Debug|Any CPU.Build.0 = Debug|Any CPU
		{AA15BF9F-5AEE-B382-D48A-96F5909F1014}.Release|Any CPU.ActiveCfg = Release|Any CPU
		{AA15BF9F-5AEE-B382-D48A-96F5909F1014}.Release|Any CPU.Build.0 = Release|Any CPU
		{447C7667-1850-689D-2DC1-0F49BE0332A1}.Debug|Any CPU.ActiveCfg = Debug|Any CPU
		{447C7667-1850-689D-2DC1-0F49BE0332A1}.Debug|Any CPU.Build.0 = Debug|Any CPU
		{447C7667-1850-689D-2DC1-0F49BE0332A1}.Release|Any CPU.ActiveCfg = Release|Any CPU
		{447C7667-1850-689D-2DC1-0F49BE0332A1}.Release|Any CPU.Build.0 = Release|Any CPU
		{8A0E67F6-45F8-F59E-47DA-68DB04E5ED44}.Debug|Any CPU.ActiveCfg = Debug|Any CPU
		{8A0E67F6-45F8-F59E-47DA-68DB04E5ED44}.Debug|Any CPU.Build.0 = Debug|Any CPU
		{8A0E67F6-45F8-F59E-47DA-68DB04E5ED44}.Release|Any CPU.ActiveCfg = Release|Any CPU
		{8A0E67F6-45F8-F59E-47DA-68DB04E5ED44}.Release|Any CPU.Build.0 = Release|Any CPU
		{4452B45F-2738-4820-1CA0-6DE069DC0684}.Debug|Any CPU.ActiveCfg = Debug|Any CPU
		{4452B45F-2738-4820-1CA0-6DE069DC0684}.Debug|Any CPU.Build.0 = Debug|Any CPU
		{4452B45F-2738-4820-1CA0-6DE069DC0684}.Release|Any CPU.ActiveCfg = Release|Any CPU
		{4452B45F-2738-4820-1CA0-6DE069DC0684}.Release|Any CPU.Build.0 = Release|Any CPU
		{33109221-AB9E-D882-1191-A5354685F9DB}.Debug|Any CPU.ActiveCfg = Debug|Any CPU
		{33109221-AB9E-D882-1191-A5354685F9DB}.Debug|Any CPU.Build.0 = Debug|Any CPU
		{33109221-AB9E-D882-1191-A5354685F9DB}.Release|Any CPU.ActiveCfg = Release|Any CPU
		{33109221-AB9E-D882-1191-A5354685F9DB}.Release|Any CPU.Build.0 = Release|Any CPU
		{D29BC426-A712-2A32-06C8-6569406A6FCD}.Debug|Any CPU.ActiveCfg = Debug|Any CPU
		{D29BC426-A712-2A32-06C8-6569406A6FCD}.Debug|Any CPU.Build.0 = Debug|Any CPU
		{D29BC426-A712-2A32-06C8-6569406A6FCD}.Release|Any CPU.ActiveCfg = Release|Any CPU
		{D29BC426-A712-2A32-06C8-6569406A6FCD}.Release|Any CPU.Build.0 = Release|Any CPU
		{B66C5006-205C-7D91-3155-B02890E265C2}.Debug|Any CPU.ActiveCfg = Debug|Any CPU
		{B66C5006-205C-7D91-3155-B02890E265C2}.Debug|Any CPU.Build.0 = Debug|Any CPU
		{B66C5006-205C-7D91-3155-B02890E265C2}.Release|Any CPU.ActiveCfg = Release|Any CPU
		{B66C5006-205C-7D91-3155-B02890E265C2}.Release|Any CPU.Build.0 = Release|Any CPU
		{2888CFD3-0430-4393-CE12-FD496CD6C61D}.Debug|Any CPU.ActiveCfg = Debug|Any CPU
		{2888CFD3-0430-4393-CE12-FD496CD6C61D}.Debug|Any CPU.Build.0 = Debug|Any CPU
		{2888CFD3-0430-4393-CE12-FD496CD6C61D}.Release|Any CPU.ActiveCfg = Release|Any CPU
		{2888CFD3-0430-4393-CE12-FD496CD6C61D}.Release|Any CPU.Build.0 = Release|Any CPU
		{A51760E8-7721-F1AB-D65C-AD04E665B878}.Debug|Any CPU.ActiveCfg = Debug|Any CPU
		{A51760E8-7721-F1AB-D65C-AD04E665B878}.Debug|Any CPU.Build.0 = Debug|Any CPU
		{A51760E8-7721-F1AB-D65C-AD04E665B878}.Release|Any CPU.ActiveCfg = Release|Any CPU
		{A51760E8-7721-F1AB-D65C-AD04E665B878}.Release|Any CPU.Build.0 = Release|Any CPU
		{D0F3BAAC-117C-2F07-598F-75F838E96721}.Debug|Any CPU.ActiveCfg = Debug|Any CPU
		{D0F3BAAC-117C-2F07-598F-75F838E96721}.Debug|Any CPU.Build.0 = Debug|Any CPU
		{D0F3BAAC-117C-2F07-598F-75F838E96721}.Release|Any CPU.ActiveCfg = Release|Any CPU
		{D0F3BAAC-117C-2F07-598F-75F838E96721}.Release|Any CPU.Build.0 = Release|Any CPU
		{8386FBE9-93C7-62A7-0F64-D533D3E29F76}.Debug|Any CPU.ActiveCfg = Debug|Any CPU
		{8386FBE9-93C7-62A7-0F64-D533D3E29F76}.Debug|Any CPU.Build.0 = Debug|Any CPU
		{8386FBE9-93C7-62A7-0F64-D533D3E29F76}.Release|Any CPU.ActiveCfg = Release|Any CPU
		{8386FBE9-93C7-62A7-0F64-D533D3E29F76}.Release|Any CPU.Build.0 = Release|Any CPU
		{24CEA5EC-1CE1-5E80-BCB1-3F0E3A7E3CD7}.Debug|Any CPU.ActiveCfg = Debug|Any CPU
		{24CEA5EC-1CE1-5E80-BCB1-3F0E3A7E3CD7}.Debug|Any CPU.Build.0 = Debug|Any CPU
		{24CEA5EC-1CE1-5E80-BCB1-3F0E3A7E3CD7}.Release|Any CPU.ActiveCfg = Release|Any CPU
		{24CEA5EC-1CE1-5E80-BCB1-3F0E3A7E3CD7}.Release|Any CPU.Build.0 = Release|Any CPU
		{EEC0256E-D90C-602B-8FF0-A2E4C097D6F9}.Debug|Any CPU.ActiveCfg = Debug|Any CPU
		{EEC0256E-D90C-602B-8FF0-A2E4C097D6F9}.Debug|Any CPU.Build.0 = Debug|Any CPU
		{EEC0256E-D90C-602B-8FF0-A2E4C097D6F9}.Release|Any CPU.ActiveCfg = Release|Any CPU
		{EEC0256E-D90C-602B-8FF0-A2E4C097D6F9}.Release|Any CPU.Build.0 = Release|Any CPU
		{4028537E-91EF-9290-6A18-78061FE2E32D}.Debug|Any CPU.ActiveCfg = Debug|Any CPU
		{4028537E-91EF-9290-6A18-78061FE2E32D}.Debug|Any CPU.Build.0 = Debug|Any CPU
		{4028537E-91EF-9290-6A18-78061FE2E32D}.Release|Any CPU.ActiveCfg = Release|Any CPU
		{4028537E-91EF-9290-6A18-78061FE2E32D}.Release|Any CPU.Build.0 = Release|Any CPU
		{5C88066F-9278-7248-9AFF-310EC15EB4D3}.Debug|Any CPU.ActiveCfg = Debug|Any CPU
		{5C88066F-9278-7248-9AFF-310EC15EB4D3}.Debug|Any CPU.Build.0 = Debug|Any CPU
		{5C88066F-9278-7248-9AFF-310EC15EB4D3}.Release|Any CPU.ActiveCfg = Release|Any CPU
		{5C88066F-9278-7248-9AFF-310EC15EB4D3}.Release|Any CPU.Build.0 = Release|Any CPU
		{FD804C49-3A1E-6663-D839-B3DA3BE9694A}.Debug|Any CPU.ActiveCfg = Debug|Any CPU
		{FD804C49-3A1E-6663-D839-B3DA3BE9694A}.Debug|Any CPU.Build.0 = Debug|Any CPU
		{FD804C49-3A1E-6663-D839-B3DA3BE9694A}.Release|Any CPU.ActiveCfg = Release|Any CPU
		{FD804C49-3A1E-6663-D839-B3DA3BE9694A}.Release|Any CPU.Build.0 = Release|Any CPU
		{90CB208B-E0D4-FE3E-499B-EB1FAAEE42C6}.Debug|Any CPU.ActiveCfg = Debug|Any CPU
		{90CB208B-E0D4-FE3E-499B-EB1FAAEE42C6}.Debug|Any CPU.Build.0 = Debug|Any CPU
		{90CB208B-E0D4-FE3E-499B-EB1FAAEE42C6}.Release|Any CPU.ActiveCfg = Release|Any CPU
		{90CB208B-E0D4-FE3E-499B-EB1FAAEE42C6}.Release|Any CPU.Build.0 = Release|Any CPU
	EndGlobalSection
	GlobalSection(SolutionProperties) = preSolution
		HideSolutionNode = FALSE
	EndGlobalSection
EndGlobal
